// !$*UTF8*$!
{
	archiveVersion = 1;
	classes = {
	};
	objectVersion = 56;
	objects = {

/* Begin PBXBuildFile section */
		621E068C2C64BD2A001B1370 /* ContributorMediumView.swift in Sources */ = {isa = PBXBuildFile; fileRef = 621E068B2C64BD2A001B1370 /* ContributorMediumView.swift */; };
		621E068E2C64BED4001B1370 /* Contributor.swift in Sources */ = {isa = PBXBuildFile; fileRef = 621E068D2C64BED4001B1370 /* Contributor.swift */; };
		621E068F2C64BEDE001B1370 /* Contributor.swift in Sources */ = {isa = PBXBuildFile; fileRef = 621E068D2C64BED4001B1370 /* Contributor.swift */; };
		621E06902C64C09C001B1370 /* MockData.swift in Sources */ = {isa = PBXBuildFile; fileRef = 625E74782C63A73400915B2F /* MockData.swift */; };
		621E069F2C64F3C7001B1370 /* UserDefaults+Ext.swift in Sources */ = {isa = PBXBuildFile; fileRef = 621E069E2C64F3C7001B1370 /* UserDefaults+Ext.swift */; };
		625E74422C636E4A00915B2F /* RepoWatcherApp.swift in Sources */ = {isa = PBXBuildFile; fileRef = 625E74412C636E4A00915B2F /* RepoWatcherApp.swift */; };
		625E74442C636E4A00915B2F /* ContentView.swift in Sources */ = {isa = PBXBuildFile; fileRef = 625E74432C636E4A00915B2F /* ContentView.swift */; };
		625E74462C636E4B00915B2F /* Assets.xcassets in Resources */ = {isa = PBXBuildFile; fileRef = 625E74452C636E4B00915B2F /* Assets.xcassets */; };
		625E74492C636E4B00915B2F /* Preview Assets.xcassets in Resources */ = {isa = PBXBuildFile; fileRef = 625E74482C636E4B00915B2F /* Preview Assets.xcassets */; };
		625E74562C636E5B00915B2F /* WidgetKit.framework in Frameworks */ = {isa = PBXBuildFile; fileRef = 625E74552C636E5B00915B2F /* WidgetKit.framework */; };
		625E74582C636E5B00915B2F /* SwiftUI.framework in Frameworks */ = {isa = PBXBuildFile; fileRef = 625E74572C636E5B00915B2F /* SwiftUI.framework */; };
		625E745B2C636E5B00915B2F /* RepoWatcherWidgetsBundle.swift in Sources */ = {isa = PBXBuildFile; fileRef = 625E745A2C636E5B00915B2F /* RepoWatcherWidgetsBundle.swift */; };
		625E745D2C636E5B00915B2F /* DoubleRepoWidget.swift in Sources */ = {isa = PBXBuildFile; fileRef = 625E745C2C636E5B00915B2F /* DoubleRepoWidget.swift */; };
		625E745F2C636E5C00915B2F /* Assets.xcassets in Resources */ = {isa = PBXBuildFile; fileRef = 625E745E2C636E5C00915B2F /* Assets.xcassets */; };
		625E74632C636E5C00915B2F /* RepoWatcherWidgetExtension.appex in Embed Foundation Extensions */ = {isa = PBXBuildFile; fileRef = 625E74532C636E5B00915B2F /* RepoWatcherWidgetExtension.appex */; settings = {ATTRIBUTES = (RemoveHeadersOnCopy, ); }; };
		625E74692C636E8400915B2F /* DoubleRepoEntryView.swift in Sources */ = {isa = PBXBuildFile; fileRef = 625E74682C636E8400915B2F /* DoubleRepoEntryView.swift */; };
		625E746D2C6370EE00915B2F /* StatLabelView.swift in Sources */ = {isa = PBXBuildFile; fileRef = 625E746C2C6370EE00915B2F /* StatLabelView.swift */; };
		625E746F2C6374D500915B2F /* Repository.swift in Sources */ = {isa = PBXBuildFile; fileRef = 625E746E2C6374D500915B2F /* Repository.swift */; };
		625E74702C6374D500915B2F /* Repository.swift in Sources */ = {isa = PBXBuildFile; fileRef = 625E746E2C6374D500915B2F /* Repository.swift */; };
		625E74722C637DF900915B2F /* NetworkManager.swift in Sources */ = {isa = PBXBuildFile; fileRef = 625E74712C637DF900915B2F /* NetworkManager.swift */; };
		625E74732C637DF900915B2F /* NetworkManager.swift in Sources */ = {isa = PBXBuildFile; fileRef = 625E74712C637DF900915B2F /* NetworkManager.swift */; };
		625E74762C639AD500915B2F /* RepoMediumView.swift in Sources */ = {isa = PBXBuildFile; fileRef = 625E74742C639A9100915B2F /* RepoMediumView.swift */; };
		625E747A2C63A7A300915B2F /* MockData.swift in Sources */ = {isa = PBXBuildFile; fileRef = 625E74782C63A73400915B2F /* MockData.swift */; };
		628AE0212C63AF470007EBFB /* SingleRepoWidget.swift in Sources */ = {isa = PBXBuildFile; fileRef = 628AE01F2C63AE990007EBFB /* SingleRepoWidget.swift */; };
		628AE0242C63AFB20007EBFB /* SingleRepoEntryView.swift in Sources */ = {isa = PBXBuildFile; fileRef = 628AE0232C63AFB20007EBFB /* SingleRepoEntryView.swift */; };
/* End PBXBuildFile section */

/* Begin PBXContainerItemProxy section */
		625E74612C636E5C00915B2F /* PBXContainerItemProxy */ = {
			isa = PBXContainerItemProxy;
			containerPortal = 625E74362C636E4A00915B2F /* Project object */;
			proxyType = 1;
			remoteGlobalIDString = 625E74522C636E5B00915B2F;
			remoteInfo = RepoWatcherWidgetExtension;
		};
/* End PBXContainerItemProxy section */

/* Begin PBXCopyFilesBuildPhase section */
		625E74672C636E5C00915B2F /* Embed Foundation Extensions */ = {
			isa = PBXCopyFilesBuildPhase;
			buildActionMask = 2147483647;
			dstPath = "";
			dstSubfolderSpec = 13;
			files = (
				625E74632C636E5C00915B2F /* RepoWatcherWidgetExtension.appex in Embed Foundation Extensions */,
			);
			name = "Embed Foundation Extensions";
			runOnlyForDeploymentPostprocessing = 0;
		};
/* End PBXCopyFilesBuildPhase section */

/* Begin PBXFileReference section */
		621E068B2C64BD2A001B1370 /* ContributorMediumView.swift */ = {isa = PBXFileReference; lastKnownFileType = sourcecode.swift; path = ContributorMediumView.swift; sourceTree = "<group>"; };
		621E068D2C64BED4001B1370 /* Contributor.swift */ = {isa = PBXFileReference; lastKnownFileType = sourcecode.swift; path = Contributor.swift; sourceTree = "<group>"; };
		621E069D2C64F2A0001B1370 /* RepoWatcher.entitlements */ = {isa = PBXFileReference; lastKnownFileType = text.plist.entitlements; path = RepoWatcher.entitlements; sourceTree = "<group>"; };
		621E069E2C64F3C7001B1370 /* UserDefaults+Ext.swift */ = {isa = PBXFileReference; lastKnownFileType = sourcecode.swift; path = "UserDefaults+Ext.swift"; sourceTree = "<group>"; };
		625E743E2C636E4A00915B2F /* RepoWatcher.app */ = {isa = PBXFileReference; explicitFileType = wrapper.application; includeInIndex = 0; path = RepoWatcher.app; sourceTree = BUILT_PRODUCTS_DIR; };
		625E74412C636E4A00915B2F /* RepoWatcherApp.swift */ = {isa = PBXFileReference; lastKnownFileType = sourcecode.swift; path = RepoWatcherApp.swift; sourceTree = "<group>"; };
		625E74432C636E4A00915B2F /* ContentView.swift */ = {isa = PBXFileReference; lastKnownFileType = sourcecode.swift; path = ContentView.swift; sourceTree = "<group>"; };
		625E74452C636E4B00915B2F /* Assets.xcassets */ = {isa = PBXFileReference; lastKnownFileType = folder.assetcatalog; path = Assets.xcassets; sourceTree = "<group>"; };
		625E74482C636E4B00915B2F /* Preview Assets.xcassets */ = {isa = PBXFileReference; lastKnownFileType = folder.assetcatalog; path = "Preview Assets.xcassets"; sourceTree = "<group>"; };
		625E74532C636E5B00915B2F /* RepoWatcherWidgetExtension.appex */ = {isa = PBXFileReference; explicitFileType = "wrapper.app-extension"; includeInIndex = 0; path = RepoWatcherWidgetExtension.appex; sourceTree = BUILT_PRODUCTS_DIR; };
		625E74552C636E5B00915B2F /* WidgetKit.framework */ = {isa = PBXFileReference; lastKnownFileType = wrapper.framework; name = WidgetKit.framework; path = System/Library/Frameworks/WidgetKit.framework; sourceTree = SDKROOT; };
		625E74572C636E5B00915B2F /* SwiftUI.framework */ = {isa = PBXFileReference; lastKnownFileType = wrapper.framework; name = SwiftUI.framework; path = System/Library/Frameworks/SwiftUI.framework; sourceTree = SDKROOT; };
		625E745A2C636E5B00915B2F /* RepoWatcherWidgetsBundle.swift */ = {isa = PBXFileReference; lastKnownFileType = sourcecode.swift; path = RepoWatcherWidgetsBundle.swift; sourceTree = "<group>"; };
		625E745C2C636E5B00915B2F /* DoubleRepoWidget.swift */ = {isa = PBXFileReference; lastKnownFileType = sourcecode.swift; path = DoubleRepoWidget.swift; sourceTree = "<group>"; };
		625E745E2C636E5C00915B2F /* Assets.xcassets */ = {isa = PBXFileReference; lastKnownFileType = folder.assetcatalog; path = Assets.xcassets; sourceTree = "<group>"; };
		625E74602C636E5C00915B2F /* Info.plist */ = {isa = PBXFileReference; lastKnownFileType = text.plist.xml; path = Info.plist; sourceTree = "<group>"; };
		625E74682C636E8400915B2F /* DoubleRepoEntryView.swift */ = {isa = PBXFileReference; lastKnownFileType = sourcecode.swift; path = DoubleRepoEntryView.swift; sourceTree = "<group>"; };
		625E746C2C6370EE00915B2F /* StatLabelView.swift */ = {isa = PBXFileReference; lastKnownFileType = sourcecode.swift; path = StatLabelView.swift; sourceTree = "<group>"; };
		625E746E2C6374D500915B2F /* Repository.swift */ = {isa = PBXFileReference; lastKnownFileType = sourcecode.swift; path = Repository.swift; sourceTree = "<group>"; };
		625E74712C637DF900915B2F /* NetworkManager.swift */ = {isa = PBXFileReference; lastKnownFileType = sourcecode.swift; path = NetworkManager.swift; sourceTree = "<group>"; };
		625E74742C639A9100915B2F /* RepoMediumView.swift */ = {isa = PBXFileReference; lastKnownFileType = sourcecode.swift; path = RepoMediumView.swift; sourceTree = "<group>"; };
		625E74782C63A73400915B2F /* MockData.swift */ = {isa = PBXFileReference; lastKnownFileType = sourcecode.swift; path = MockData.swift; sourceTree = "<group>"; };
		628AE01F2C63AE990007EBFB /* SingleRepoWidget.swift */ = {isa = PBXFileReference; lastKnownFileType = sourcecode.swift; path = SingleRepoWidget.swift; sourceTree = "<group>"; };
		628AE0232C63AFB20007EBFB /* SingleRepoEntryView.swift */ = {isa = PBXFileReference; lastKnownFileType = sourcecode.swift; path = SingleRepoEntryView.swift; sourceTree = "<group>"; };
/* End PBXFileReference section */

/* Begin PBXFrameworksBuildPhase section */
		625E743B2C636E4A00915B2F /* Frameworks */ = {
			isa = PBXFrameworksBuildPhase;
			buildActionMask = 2147483647;
			files = (
			);
			runOnlyForDeploymentPostprocessing = 0;
		};
		625E74502C636E5B00915B2F /* Frameworks */ = {
			isa = PBXFrameworksBuildPhase;
			buildActionMask = 2147483647;
			files = (
				625E74582C636E5B00915B2F /* SwiftUI.framework in Frameworks */,
				625E74562C636E5B00915B2F /* WidgetKit.framework in Frameworks */,
			);
			runOnlyForDeploymentPostprocessing = 0;
		};
/* End PBXFrameworksBuildPhase section */

/* Begin PBXGroup section */
		621E06A02C64F3D1001B1370 /* Extensions */ = {
			isa = PBXGroup;
			children = (
				621E069E2C64F3C7001B1370 /* UserDefaults+Ext.swift */,
			);
			path = Extensions;
			sourceTree = "<group>";
		};
		625E74352C636E4A00915B2F = {
			isa = PBXGroup;
			children = (
				625E74402C636E4A00915B2F /* RepoWatcher */,
				625E74592C636E5B00915B2F /* RepoWatcherWidget */,
				625E74542C636E5B00915B2F /* Frameworks */,
				625E743F2C636E4A00915B2F /* Products */,
			);
			sourceTree = "<group>";
		};
		625E743F2C636E4A00915B2F /* Products */ = {
			isa = PBXGroup;
			children = (
				625E743E2C636E4A00915B2F /* RepoWatcher.app */,
				625E74532C636E5B00915B2F /* RepoWatcherWidgetExtension.appex */,
			);
			name = Products;
			sourceTree = "<group>";
		};
		625E74402C636E4A00915B2F /* RepoWatcher */ = {
			isa = PBXGroup;
			children = (
				621E069D2C64F2A0001B1370 /* RepoWatcher.entitlements */,
				625E74412C636E4A00915B2F /* RepoWatcherApp.swift */,
				625E74432C636E4A00915B2F /* ContentView.swift */,
				625E74712C637DF900915B2F /* NetworkManager.swift */,
				625E746A2C636EC600915B2F /* Models */,
				621E06A02C64F3D1001B1370 /* Extensions */,
				625E74772C63A72700915B2F /* Mock */,
				625E74452C636E4B00915B2F /* Assets.xcassets */,
				625E74472C636E4B00915B2F /* Preview Content */,
			);
			path = RepoWatcher;
			sourceTree = "<group>";
		};
		625E74472C636E4B00915B2F /* Preview Content */ = {
			isa = PBXGroup;
			children = (
				625E74482C636E4B00915B2F /* Preview Assets.xcassets */,
			);
			path = "Preview Content";
			sourceTree = "<group>";
		};
		625E74542C636E5B00915B2F /* Frameworks */ = {
			isa = PBXGroup;
			children = (
				625E74552C636E5B00915B2F /* WidgetKit.framework */,
				625E74572C636E5B00915B2F /* SwiftUI.framework */,
			);
			name = Frameworks;
			sourceTree = "<group>";
		};
		625E74592C636E5B00915B2F /* RepoWatcherWidget */ = {
			isa = PBXGroup;
			children = (
				625E745A2C636E5B00915B2F /* RepoWatcherWidgetsBundle.swift */,
				628AE0252C63B0400007EBFB /* Repository */,
				628AE0222C63AF810007EBFB /* Contributor */,
				625E746B2C6370D800915B2F /* UI */,
				625E745E2C636E5C00915B2F /* Assets.xcassets */,
				625E74602C636E5C00915B2F /* Info.plist */,
			);
			path = RepoWatcherWidget;
			sourceTree = "<group>";
		};
		625E746A2C636EC600915B2F /* Models */ = {
			isa = PBXGroup;
			children = (
				625E746E2C6374D500915B2F /* Repository.swift */,
				621E068D2C64BED4001B1370 /* Contributor.swift */,
			);
			path = Models;
			sourceTree = "<group>";
		};
		625E746B2C6370D800915B2F /* UI */ = {
			isa = PBXGroup;
			children = (
				625E746C2C6370EE00915B2F /* StatLabelView.swift */,
			);
			path = UI;
			sourceTree = "<group>";
		};
		625E74772C63A72700915B2F /* Mock */ = {
			isa = PBXGroup;
			children = (
				625E74782C63A73400915B2F /* MockData.swift */,
			);
			path = Mock;
			sourceTree = "<group>";
		};
		628AE0222C63AF810007EBFB /* Contributor */ = {
			isa = PBXGroup;
			children = (
				628AE01F2C63AE990007EBFB /* SingleRepoWidget.swift */,
				628AE0232C63AFB20007EBFB /* SingleRepoEntryView.swift */,
				621E068B2C64BD2A001B1370 /* ContributorMediumView.swift */,
			);
			path = Contributor;
			sourceTree = "<group>";
		};
		628AE0252C63B0400007EBFB /* Repository */ = {
			isa = PBXGroup;
			children = (
				625E745C2C636E5B00915B2F /* DoubleRepoWidget.swift */,
				625E74682C636E8400915B2F /* DoubleRepoEntryView.swift */,
				625E74742C639A9100915B2F /* RepoMediumView.swift */,
			);
			path = Repository;
			sourceTree = "<group>";
		};
/* End PBXGroup section */

/* Begin PBXNativeTarget section */
		625E743D2C636E4A00915B2F /* RepoWatcher */ = {
			isa = PBXNativeTarget;
			buildConfigurationList = 625E744C2C636E4B00915B2F /* Build configuration list for PBXNativeTarget "RepoWatcher" */;
			buildPhases = (
				625E743A2C636E4A00915B2F /* Sources */,
				625E743B2C636E4A00915B2F /* Frameworks */,
				625E743C2C636E4A00915B2F /* Resources */,
				625E74672C636E5C00915B2F /* Embed Foundation Extensions */,
			);
			buildRules = (
			);
			dependencies = (
				625E74622C636E5C00915B2F /* PBXTargetDependency */,
			);
			name = RepoWatcher;
			productName = RepoWatcher;
			productReference = 625E743E2C636E4A00915B2F /* RepoWatcher.app */;
			productType = "com.apple.product-type.application";
		};
		625E74522C636E5B00915B2F /* RepoWatcherWidgetExtension */ = {
			isa = PBXNativeTarget;
			buildConfigurationList = 625E74642C636E5C00915B2F /* Build configuration list for PBXNativeTarget "RepoWatcherWidgetExtension" */;
			buildPhases = (
				625E744F2C636E5B00915B2F /* Sources */,
				625E74502C636E5B00915B2F /* Frameworks */,
				625E74512C636E5B00915B2F /* Resources */,
			);
			buildRules = (
			);
			dependencies = (
			);
			name = RepoWatcherWidgetExtension;
			productName = RepoWatcherWidgetExtension;
			productReference = 625E74532C636E5B00915B2F /* RepoWatcherWidgetExtension.appex */;
			productType = "com.apple.product-type.app-extension";
		};
/* End PBXNativeTarget section */

/* Begin PBXProject section */
		625E74362C636E4A00915B2F /* Project object */ = {
			isa = PBXProject;
			attributes = {
				BuildIndependentTargetsInParallel = 1;
				LastSwiftUpdateCheck = 1540;
				LastUpgradeCheck = 1540;
				TargetAttributes = {
					625E743D2C636E4A00915B2F = {
						CreatedOnToolsVersion = 15.4;
					};
					625E74522C636E5B00915B2F = {
						CreatedOnToolsVersion = 15.4;
					};
				};
			};
			buildConfigurationList = 625E74392C636E4A00915B2F /* Build configuration list for PBXProject "RepoWatcher" */;
			compatibilityVersion = "Xcode 14.0";
			developmentRegion = en;
			hasScannedForEncodings = 0;
			knownRegions = (
				en,
				Base,
			);
			mainGroup = 625E74352C636E4A00915B2F;
			productRefGroup = 625E743F2C636E4A00915B2F /* Products */;
			projectDirPath = "";
			projectRoot = "";
			targets = (
				625E743D2C636E4A00915B2F /* RepoWatcher */,
				625E74522C636E5B00915B2F /* RepoWatcherWidgetExtension */,
			);
		};
/* End PBXProject section */

/* Begin PBXResourcesBuildPhase section */
		625E743C2C636E4A00915B2F /* Resources */ = {
			isa = PBXResourcesBuildPhase;
			buildActionMask = 2147483647;
			files = (
				625E74492C636E4B00915B2F /* Preview Assets.xcassets in Resources */,
				625E74462C636E4B00915B2F /* Assets.xcassets in Resources */,
			);
			runOnlyForDeploymentPostprocessing = 0;
		};
		625E74512C636E5B00915B2F /* Resources */ = {
			isa = PBXResourcesBuildPhase;
			buildActionMask = 2147483647;
			files = (
				625E745F2C636E5C00915B2F /* Assets.xcassets in Resources */,
			);
			runOnlyForDeploymentPostprocessing = 0;
		};
/* End PBXResourcesBuildPhase section */

/* Begin PBXSourcesBuildPhase section */
		625E743A2C636E4A00915B2F /* Sources */ = {
			isa = PBXSourcesBuildPhase;
			buildActionMask = 2147483647;
			files = (
				625E74722C637DF900915B2F /* NetworkManager.swift in Sources */,
				621E06902C64C09C001B1370 /* MockData.swift in Sources */,
				621E068E2C64BED4001B1370 /* Contributor.swift in Sources */,
				625E74442C636E4A00915B2F /* ContentView.swift in Sources */,
				625E74422C636E4A00915B2F /* RepoWatcherApp.swift in Sources */,
				625E746F2C6374D500915B2F /* Repository.swift in Sources */,
				621E069F2C64F3C7001B1370 /* UserDefaults+Ext.swift in Sources */,
			);
			runOnlyForDeploymentPostprocessing = 0;
		};
		625E744F2C636E5B00915B2F /* Sources */ = {
			isa = PBXSourcesBuildPhase;
			buildActionMask = 2147483647;
			files = (
				625E74732C637DF900915B2F /* NetworkManager.swift in Sources */,
				621E068C2C64BD2A001B1370 /* ContributorMediumView.swift in Sources */,
				625E745D2C636E5B00915B2F /* DoubleRepoWidget.swift in Sources */,
				625E746D2C6370EE00915B2F /* StatLabelView.swift in Sources */,
				625E74702C6374D500915B2F /* Repository.swift in Sources */,
				625E745B2C636E5B00915B2F /* RepoWatcherWidgetsBundle.swift in Sources */,
				625E747A2C63A7A300915B2F /* MockData.swift in Sources */,
				621E068F2C64BEDE001B1370 /* Contributor.swift in Sources */,
				625E74692C636E8400915B2F /* DoubleRepoEntryView.swift in Sources */,
				625E74762C639AD500915B2F /* RepoMediumView.swift in Sources */,
				628AE0212C63AF470007EBFB /* SingleRepoWidget.swift in Sources */,
				628AE0242C63AFB20007EBFB /* SingleRepoEntryView.swift in Sources */,
			);
			runOnlyForDeploymentPostprocessing = 0;
		};
/* End PBXSourcesBuildPhase section */

/* Begin PBXTargetDependency section */
		625E74622C636E5C00915B2F /* PBXTargetDependency */ = {
			isa = PBXTargetDependency;
			target = 625E74522C636E5B00915B2F /* RepoWatcherWidgetExtension */;
			targetProxy = 625E74612C636E5C00915B2F /* PBXContainerItemProxy */;
		};
/* End PBXTargetDependency section */

/* Begin XCBuildConfiguration section */
		625E744A2C636E4B00915B2F /* Debug */ = {
			isa = XCBuildConfiguration;
			buildSettings = {
				ALWAYS_SEARCH_USER_PATHS = NO;
				ASSETCATALOG_COMPILER_GENERATE_SWIFT_ASSET_SYMBOL_EXTENSIONS = YES;
				CLANG_ANALYZER_NONNULL = YES;
				CLANG_ANALYZER_NUMBER_OBJECT_CONVERSION = YES_AGGRESSIVE;
				CLANG_CXX_LANGUAGE_STANDARD = "gnu++20";
				CLANG_ENABLE_MODULES = YES;
				CLANG_ENABLE_OBJC_ARC = YES;
				CLANG_ENABLE_OBJC_WEAK = YES;
				CLANG_WARN_BLOCK_CAPTURE_AUTORELEASING = YES;
				CLANG_WARN_BOOL_CONVERSION = YES;
				CLANG_WARN_COMMA = YES;
				CLANG_WARN_CONSTANT_CONVERSION = YES;
				CLANG_WARN_DEPRECATED_OBJC_IMPLEMENTATIONS = YES;
				CLANG_WARN_DIRECT_OBJC_ISA_USAGE = YES_ERROR;
				CLANG_WARN_DOCUMENTATION_COMMENTS = YES;
				CLANG_WARN_EMPTY_BODY = YES;
				CLANG_WARN_ENUM_CONVERSION = YES;
				CLANG_WARN_INFINITE_RECURSION = YES;
				CLANG_WARN_INT_CONVERSION = YES;
				CLANG_WARN_NON_LITERAL_NULL_CONVERSION = YES;
				CLANG_WARN_OBJC_IMPLICIT_RETAIN_SELF = YES;
				CLANG_WARN_OBJC_LITERAL_CONVERSION = YES;
				CLANG_WARN_OBJC_ROOT_CLASS = YES_ERROR;
				CLANG_WARN_QUOTED_INCLUDE_IN_FRAMEWORK_HEADER = YES;
				CLANG_WARN_RANGE_LOOP_ANALYSIS = YES;
				CLANG_WARN_STRICT_PROTOTYPES = YES;
				CLANG_WARN_SUSPICIOUS_MOVE = YES;
				CLANG_WARN_UNGUARDED_AVAILABILITY = YES_AGGRESSIVE;
				CLANG_WARN_UNREACHABLE_CODE = YES;
				CLANG_WARN__DUPLICATE_METHOD_MATCH = YES;
				COPY_PHASE_STRIP = NO;
				DEBUG_INFORMATION_FORMAT = dwarf;
				ENABLE_STRICT_OBJC_MSGSEND = YES;
				ENABLE_TESTABILITY = YES;
				ENABLE_USER_SCRIPT_SANDBOXING = YES;
				GCC_C_LANGUAGE_STANDARD = gnu17;
				GCC_DYNAMIC_NO_PIC = NO;
				GCC_NO_COMMON_BLOCKS = YES;
				GCC_OPTIMIZATION_LEVEL = 0;
				GCC_PREPROCESSOR_DEFINITIONS = (
					"DEBUG=1",
					"$(inherited)",
				);
				GCC_WARN_64_TO_32_BIT_CONVERSION = YES;
				GCC_WARN_ABOUT_RETURN_TYPE = YES_ERROR;
				GCC_WARN_UNDECLARED_SELECTOR = YES;
				GCC_WARN_UNINITIALIZED_AUTOS = YES_AGGRESSIVE;
				GCC_WARN_UNUSED_FUNCTION = YES;
				GCC_WARN_UNUSED_VARIABLE = YES;
				IPHONEOS_DEPLOYMENT_TARGET = 17.5;
				LOCALIZATION_PREFERS_STRING_CATALOGS = YES;
				MTL_ENABLE_DEBUG_INFO = INCLUDE_SOURCE;
				MTL_FAST_MATH = YES;
				ONLY_ACTIVE_ARCH = YES;
				SDKROOT = iphoneos;
				SWIFT_ACTIVE_COMPILATION_CONDITIONS = "DEBUG $(inherited)";
				SWIFT_OPTIMIZATION_LEVEL = "-Onone";
			};
			name = Debug;
		};
		625E744B2C636E4B00915B2F /* Release */ = {
			isa = XCBuildConfiguration;
			buildSettings = {
				ALWAYS_SEARCH_USER_PATHS = NO;
				ASSETCATALOG_COMPILER_GENERATE_SWIFT_ASSET_SYMBOL_EXTENSIONS = YES;
				CLANG_ANALYZER_NONNULL = YES;
				CLANG_ANALYZER_NUMBER_OBJECT_CONVERSION = YES_AGGRESSIVE;
				CLANG_CXX_LANGUAGE_STANDARD = "gnu++20";
				CLANG_ENABLE_MODULES = YES;
				CLANG_ENABLE_OBJC_ARC = YES;
				CLANG_ENABLE_OBJC_WEAK = YES;
				CLANG_WARN_BLOCK_CAPTURE_AUTORELEASING = YES;
				CLANG_WARN_BOOL_CONVERSION = YES;
				CLANG_WARN_COMMA = YES;
				CLANG_WARN_CONSTANT_CONVERSION = YES;
				CLANG_WARN_DEPRECATED_OBJC_IMPLEMENTATIONS = YES;
				CLANG_WARN_DIRECT_OBJC_ISA_USAGE = YES_ERROR;
				CLANG_WARN_DOCUMENTATION_COMMENTS = YES;
				CLANG_WARN_EMPTY_BODY = YES;
				CLANG_WARN_ENUM_CONVERSION = YES;
				CLANG_WARN_INFINITE_RECURSION = YES;
				CLANG_WARN_INT_CONVERSION = YES;
				CLANG_WARN_NON_LITERAL_NULL_CONVERSION = YES;
				CLANG_WARN_OBJC_IMPLICIT_RETAIN_SELF = YES;
				CLANG_WARN_OBJC_LITERAL_CONVERSION = YES;
				CLANG_WARN_OBJC_ROOT_CLASS = YES_ERROR;
				CLANG_WARN_QUOTED_INCLUDE_IN_FRAMEWORK_HEADER = YES;
				CLANG_WARN_RANGE_LOOP_ANALYSIS = YES;
				CLANG_WARN_STRICT_PROTOTYPES = YES;
				CLANG_WARN_SUSPICIOUS_MOVE = YES;
				CLANG_WARN_UNGUARDED_AVAILABILITY = YES_AGGRESSIVE;
				CLANG_WARN_UNREACHABLE_CODE = YES;
				CLANG_WARN__DUPLICATE_METHOD_MATCH = YES;
				COPY_PHASE_STRIP = NO;
				DEBUG_INFORMATION_FORMAT = "dwarf-with-dsym";
				ENABLE_NS_ASSERTIONS = NO;
				ENABLE_STRICT_OBJC_MSGSEND = YES;
				ENABLE_USER_SCRIPT_SANDBOXING = YES;
				GCC_C_LANGUAGE_STANDARD = gnu17;
				GCC_NO_COMMON_BLOCKS = YES;
				GCC_WARN_64_TO_32_BIT_CONVERSION = YES;
				GCC_WARN_ABOUT_RETURN_TYPE = YES_ERROR;
				GCC_WARN_UNDECLARED_SELECTOR = YES;
				GCC_WARN_UNINITIALIZED_AUTOS = YES_AGGRESSIVE;
				GCC_WARN_UNUSED_FUNCTION = YES;
				GCC_WARN_UNUSED_VARIABLE = YES;
				IPHONEOS_DEPLOYMENT_TARGET = 17.5;
				LOCALIZATION_PREFERS_STRING_CATALOGS = YES;
				MTL_ENABLE_DEBUG_INFO = NO;
				MTL_FAST_MATH = YES;
				SDKROOT = iphoneos;
				SWIFT_COMPILATION_MODE = wholemodule;
				VALIDATE_PRODUCT = YES;
			};
			name = Release;
		};
		625E744D2C636E4B00915B2F /* Debug */ = {
			isa = XCBuildConfiguration;
			buildSettings = {
				ALWAYS_EMBED_SWIFT_STANDARD_LIBRARIES = YES;
				ASSETCATALOG_COMPILER_APPICON_NAME = AppIcon;
				ASSETCATALOG_COMPILER_GLOBAL_ACCENT_COLOR_NAME = AccentColor;
				CODE_SIGN_ENTITLEMENTS = RepoWatcher/RepoWatcher.entitlements;
				CODE_SIGN_STYLE = Automatic;
				CURRENT_PROJECT_VERSION = 1;
				DEVELOPMENT_ASSET_PATHS = "\"RepoWatcher/Preview Content\"";
				DEVELOPMENT_TEAM = 3P7CETXY8N;
				ENABLE_PREVIEWS = YES;
				GENERATE_INFOPLIST_FILE = YES;
				INFOPLIST_KEY_UIApplicationSceneManifest_Generation = YES;
				INFOPLIST_KEY_UIApplicationSupportsIndirectInputEvents = YES;
				INFOPLIST_KEY_UILaunchScreen_Generation = YES;
				INFOPLIST_KEY_UISupportedInterfaceOrientations_iPad = "UIInterfaceOrientationPortrait UIInterfaceOrientationPortraitUpsideDown UIInterfaceOrientationLandscapeLeft UIInterfaceOrientationLandscapeRight";
				INFOPLIST_KEY_UISupportedInterfaceOrientations_iPhone = "UIInterfaceOrientationPortrait UIInterfaceOrientationLandscapeLeft UIInterfaceOrientationLandscapeRight";
				IPHONEOS_DEPLOYMENT_TARGET = 17.0;
				LD_RUNPATH_SEARCH_PATHS = (
					"$(inherited)",
					"@executable_path/Frameworks",
				);
				MARKETING_VERSION = 1.0;
				PRODUCT_BUNDLE_IDENTIFIER = "dambrisi-corp.RepoWatcher";
				PRODUCT_NAME = "$(TARGET_NAME)";
				SWIFT_EMIT_LOC_STRINGS = YES;
				SWIFT_VERSION = 5.0;
				TARGETED_DEVICE_FAMILY = "1,2";
			};
			name = Debug;
		};
		625E744E2C636E4B00915B2F /* Release */ = {
			isa = XCBuildConfiguration;
			buildSettings = {
				ALWAYS_EMBED_SWIFT_STANDARD_LIBRARIES = YES;
				ASSETCATALOG_COMPILER_APPICON_NAME = AppIcon;
				ASSETCATALOG_COMPILER_GLOBAL_ACCENT_COLOR_NAME = AccentColor;
				CODE_SIGN_ENTITLEMENTS = RepoWatcher/RepoWatcher.entitlements;
				CODE_SIGN_STYLE = Automatic;
				CURRENT_PROJECT_VERSION = 1;
				DEVELOPMENT_ASSET_PATHS = "\"RepoWatcher/Preview Content\"";
				DEVELOPMENT_TEAM = 3P7CETXY8N;
				ENABLE_PREVIEWS = YES;
				GENERATE_INFOPLIST_FILE = YES;
				INFOPLIST_KEY_UIApplicationSceneManifest_Generation = YES;
				INFOPLIST_KEY_UIApplicationSupportsIndirectInputEvents = YES;
				INFOPLIST_KEY_UILaunchScreen_Generation = YES;
				INFOPLIST_KEY_UISupportedInterfaceOrientations_iPad = "UIInterfaceOrientationPortrait UIInterfaceOrientationPortraitUpsideDown UIInterfaceOrientationLandscapeLeft UIInterfaceOrientationLandscapeRight";
				INFOPLIST_KEY_UISupportedInterfaceOrientations_iPhone = "UIInterfaceOrientationPortrait UIInterfaceOrientationLandscapeLeft UIInterfaceOrientationLandscapeRight";
				IPHONEOS_DEPLOYMENT_TARGET = 17.0;
				LD_RUNPATH_SEARCH_PATHS = (
					"$(inherited)",
					"@executable_path/Frameworks",
				);
				MARKETING_VERSION = 1.0;
				PRODUCT_BUNDLE_IDENTIFIER = "dambrisi-corp.RepoWatcher";
				PRODUCT_NAME = "$(TARGET_NAME)";
				SWIFT_EMIT_LOC_STRINGS = YES;
				SWIFT_VERSION = 5.0;
				TARGETED_DEVICE_FAMILY = "1,2";
			};
			name = Release;
		};
		625E74652C636E5C00915B2F /* Debug */ = {
			isa = XCBuildConfiguration;
			buildSettings = {
				ASSETCATALOG_COMPILER_GLOBAL_ACCENT_COLOR_NAME = AccentColor;
				ASSETCATALOG_COMPILER_WIDGET_BACKGROUND_COLOR_NAME = WidgetBackground;
				CODE_SIGN_STYLE = Automatic;
				CURRENT_PROJECT_VERSION = 1;
				DEVELOPMENT_TEAM = 3P7CETXY8N;
				GENERATE_INFOPLIST_FILE = YES;
				INFOPLIST_FILE = RepoWatcherWidget/Info.plist;
				INFOPLIST_KEY_CFBundleDisplayName = RepoWatcherWidget;
				INFOPLIST_KEY_NSHumanReadableCopyright = "";
				LD_RUNPATH_SEARCH_PATHS = (
					"$(inherited)",
					"@executable_path/Frameworks",
					"@executable_path/../../Frameworks",
				);
				MARKETING_VERSION = 1.0;
				PRODUCT_BUNDLE_IDENTIFIER = "dambrisi-corp.RepoWatcher.RepoWatcherWidget";
				PRODUCT_NAME = "$(TARGET_NAME)";
				SKIP_INSTALL = YES;
				SWIFT_EMIT_LOC_STRINGS = YES;
				SWIFT_VERSION = 5.0;
				TARGETED_DEVICE_FAMILY = "1,2";
			};
			name = Debug;
		};
		625E74662C636E5C00915B2F /* Release */ = {
			isa = XCBuildConfiguration;
			buildSettings = {
				ASSETCATALOG_COMPILER_GLOBAL_ACCENT_COLOR_NAME = AccentColor;
				ASSETCATALOG_COMPILER_WIDGET_BACKGROUND_COLOR_NAME = WidgetBackground;
				CODE_SIGN_STYLE = Automatic;
				CURRENT_PROJECT_VERSION = 1;
				DEVELOPMENT_TEAM = 3P7CETXY8N;
				GENERATE_INFOPLIST_FILE = YES;
				INFOPLIST_FILE = RepoWatcherWidget/Info.plist;
				INFOPLIST_KEY_CFBundleDisplayName = RepoWatcherWidget;
				INFOPLIST_KEY_NSHumanReadableCopyright = "";
				LD_RUNPATH_SEARCH_PATHS = (
					"$(inherited)",
					"@executable_path/Frameworks",
					"@executable_path/../../Frameworks",
				);
				MARKETING_VERSION = 1.0;
				PRODUCT_BUNDLE_IDENTIFIER = "dambrisi-corp.RepoWatcher.RepoWatcherWidget";
				PRODUCT_NAME = "$(TARGET_NAME)";
				SKIP_INSTALL = YES;
				SWIFT_EMIT_LOC_STRINGS = YES;
				SWIFT_VERSION = 5.0;
				TARGETED_DEVICE_FAMILY = "1,2";
			};
			name = Release;
		};
/* End XCBuildConfiguration section */

/* Begin XCConfigurationList section */
		625E74392C636E4A00915B2F /* Build configuration list for PBXProject "RepoWatcher" */ = {
			isa = XCConfigurationList;
			buildConfigurations = (
				625E744A2C636E4B00915B2F /* Debug */,
				625E744B2C636E4B00915B2F /* Release */,
			);
			defaultConfigurationIsVisible = 0;
			defaultConfigurationName = Release;
		};
		625E744C2C636E4B00915B2F /* Build configuration list for PBXNativeTarget "RepoWatcher" */ = {
			isa = XCConfigurationList;
			buildConfigurations = (
				625E744D2C636E4B00915B2F /* Debug */,
				625E744E2C636E4B00915B2F /* Release */,
			);
			defaultConfigurationIsVisible = 0;
			defaultConfigurationName = Release;
		};
		625E74642C636E5C00915B2F /* Build configuration list for PBXNativeTarget "RepoWatcherWidgetExtension" */ = {
			isa = XCConfigurationList;
			buildConfigurations = (
				625E74652C636E5C00915B2F /* Debug */,
				625E74662C636E5C00915B2F /* Release */,
			);
			defaultConfigurationIsVisible = 0;
			defaultConfigurationName = Release;
		};
/* End XCConfigurationList section */
	};
	rootObject = 625E74362C636E4A00915B2F /* Project object */;
}
