// !$*UTF8*$!
{
	archiveVersion = 1;
	classes = {
	};
	objectVersion = 56;
	objects = {

/* Begin PBXBuildFile section */
		62755A312C6226C300865616 /* MonthlyApp.swift in Sources */ = {isa = PBXBuildFile; fileRef = 62755A302C6226C300865616 /* MonthlyApp.swift */; };
		62755A332C6226C300865616 /* ContentView.swift in Sources */ = {isa = PBXBuildFile; fileRef = 62755A322C6226C300865616 /* ContentView.swift */; };
		62755A352C6226C400865616 /* Assets.xcassets in Resources */ = {isa = PBXBuildFile; fileRef = 62755A342C6226C400865616 /* Assets.xcassets */; };
		62755A382C6226C400865616 /* Preview Assets.xcassets in Resources */ = {isa = PBXBuildFile; fileRef = 62755A372C6226C400865616 /* Preview Assets.xcassets */; };
		62755A452C62274400865616 /* WidgetKit.framework in Frameworks */ = {isa = PBXBuildFile; fileRef = 62755A442C62274400865616 /* WidgetKit.framework */; };
		62755A472C62274400865616 /* SwiftUI.framework in Frameworks */ = {isa = PBXBuildFile; fileRef = 62755A462C62274400865616 /* SwiftUI.framework */; };
		62755A4A2C62274400865616 /* MonthlyWidgetBundle.swift in Sources */ = {isa = PBXBuildFile; fileRef = 62755A492C62274400865616 /* MonthlyWidgetBundle.swift */; };
		62755A4C2C62274400865616 /* MonthlyWidget.swift in Sources */ = {isa = PBXBuildFile; fileRef = 62755A4B2C62274400865616 /* MonthlyWidget.swift */; };
		62755A502C62274600865616 /* Assets.xcassets in Resources */ = {isa = PBXBuildFile; fileRef = 62755A4F2C62274600865616 /* Assets.xcassets */; };
		62755A542C62274600865616 /* MonthlyWidgetExtension.appex in Embed Foundation Extensions */ = {isa = PBXBuildFile; fileRef = 62755A422C62274400865616 /* MonthlyWidgetExtension.appex */; settings = {ATTRIBUTES = (RemoveHeadersOnCopy, ); }; };
		62755A5B2C622D4D00865616 /* Date+Extension.swift in Sources */ = {isa = PBXBuildFile; fileRef = 62755A5A2C622D4D00865616 /* Date+Extension.swift */; };
		62755A5C2C622D7C00865616 /* Date+Extension.swift in Sources */ = {isa = PBXBuildFile; fileRef = 62755A5A2C622D4D00865616 /* Date+Extension.swift */; };
		62755A5E2C6237BD00865616 /* DayEntry.swift in Sources */ = {isa = PBXBuildFile; fileRef = 62755A5D2C6237BD00865616 /* DayEntry.swift */; };
/* End PBXBuildFile section */

/* Begin PBXContainerItemProxy section */
		62755A522C62274600865616 /* PBXContainerItemProxy */ = {
			isa = PBXContainerItemProxy;
			containerPortal = 62755A252C6226C300865616 /* Project object */;
			proxyType = 1;
			remoteGlobalIDString = 62755A412C62274400865616;
			remoteInfo = MonthlyWidgetExtension;
		};
/* End PBXContainerItemProxy section */

/* Begin PBXCopyFilesBuildPhase section */
		62755A582C62274600865616 /* Embed Foundation Extensions */ = {
			isa = PBXCopyFilesBuildPhase;
			buildActionMask = 2147483647;
			dstPath = "";
			dstSubfolderSpec = 13;
			files = (
				62755A542C62274600865616 /* MonthlyWidgetExtension.appex in Embed Foundation Extensions */,
			);
			name = "Embed Foundation Extensions";
			runOnlyForDeploymentPostprocessing = 0;
		};
/* End PBXCopyFilesBuildPhase section */

/* Begin PBXFileReference section */
		62755A2D2C6226C300865616 /* Monthly.app */ = {isa = PBXFileReference; explicitFileType = wrapper.application; includeInIndex = 0; path = Monthly.app; sourceTree = BUILT_PRODUCTS_DIR; };
		62755A302C6226C300865616 /* MonthlyApp.swift */ = {isa = PBXFileReference; lastKnownFileType = sourcecode.swift; path = MonthlyApp.swift; sourceTree = "<group>"; };
		62755A322C6226C300865616 /* ContentView.swift */ = {isa = PBXFileReference; lastKnownFileType = sourcecode.swift; path = ContentView.swift; sourceTree = "<group>"; };
		62755A342C6226C400865616 /* Assets.xcassets */ = {isa = PBXFileReference; lastKnownFileType = folder.assetcatalog; path = Assets.xcassets; sourceTree = "<group>"; };
		62755A372C6226C400865616 /* Preview Assets.xcassets */ = {isa = PBXFileReference; lastKnownFileType = folder.assetcatalog; path = "Preview Assets.xcassets"; sourceTree = "<group>"; };
		62755A422C62274400865616 /* MonthlyWidgetExtension.appex */ = {isa = PBXFileReference; explicitFileType = "wrapper.app-extension"; includeInIndex = 0; path = MonthlyWidgetExtension.appex; sourceTree = BUILT_PRODUCTS_DIR; };
		62755A442C62274400865616 /* WidgetKit.framework */ = {isa = PBXFileReference; lastKnownFileType = wrapper.framework; name = WidgetKit.framework; path = System/Library/Frameworks/WidgetKit.framework; sourceTree = SDKROOT; };
		62755A462C62274400865616 /* SwiftUI.framework */ = {isa = PBXFileReference; lastKnownFileType = wrapper.framework; name = SwiftUI.framework; path = System/Library/Frameworks/SwiftUI.framework; sourceTree = SDKROOT; };
		62755A492C62274400865616 /* MonthlyWidgetBundle.swift */ = {isa = PBXFileReference; lastKnownFileType = sourcecode.swift; path = MonthlyWidgetBundle.swift; sourceTree = "<group>"; };
		62755A4B2C62274400865616 /* MonthlyWidget.swift */ = {isa = PBXFileReference; lastKnownFileType = sourcecode.swift; path = MonthlyWidget.swift; sourceTree = "<group>"; };
		62755A4F2C62274600865616 /* Assets.xcassets */ = {isa = PBXFileReference; lastKnownFileType = folder.assetcatalog; path = Assets.xcassets; sourceTree = "<group>"; };
		62755A512C62274600865616 /* Info.plist */ = {isa = PBXFileReference; lastKnownFileType = text.plist.xml; path = Info.plist; sourceTree = "<group>"; };
		62755A5A2C622D4D00865616 /* Date+Extension.swift */ = {isa = PBXFileReference; lastKnownFileType = sourcecode.swift; path = "Date+Extension.swift"; sourceTree = "<group>"; };
		62755A5D2C6237BD00865616 /* DayEntry.swift */ = {isa = PBXFileReference; lastKnownFileType = sourcecode.swift; path = DayEntry.swift; sourceTree = "<group>"; };
/* End PBXFileReference section */

/* Begin PBXFrameworksBuildPhase section */
		62755A2A2C6226C300865616 /* Frameworks */ = {
			isa = PBXFrameworksBuildPhase;
			buildActionMask = 2147483647;
			files = (
			);
			runOnlyForDeploymentPostprocessing = 0;
		};
		62755A3F2C62274400865616 /* Frameworks */ = {
			isa = PBXFrameworksBuildPhase;
			buildActionMask = 2147483647;
			files = (
				62755A472C62274400865616 /* SwiftUI.framework in Frameworks */,
				62755A452C62274400865616 /* WidgetKit.framework in Frameworks */,
			);
			runOnlyForDeploymentPostprocessing = 0;
		};
/* End PBXFrameworksBuildPhase section */

/* Begin PBXGroup section */
		62755A242C6226C300865616 = {
			isa = PBXGroup;
			children = (
				62755A2F2C6226C300865616 /* Monthly */,
				62755A482C62274400865616 /* MonthlyWidget */,
				62755A432C62274400865616 /* Frameworks */,
				62755A2E2C6226C300865616 /* Products */,
			);
			sourceTree = "<group>";
		};
		62755A2E2C6226C300865616 /* Products */ = {
			isa = PBXGroup;
			children = (
				62755A2D2C6226C300865616 /* Monthly.app */,
				62755A422C62274400865616 /* MonthlyWidgetExtension.appex */,
			);
			name = Products;
			sourceTree = "<group>";
		};
		62755A2F2C6226C300865616 /* Monthly */ = {
			isa = PBXGroup;
			children = (
				62755A302C6226C300865616 /* MonthlyApp.swift */,
				62755A322C6226C300865616 /* ContentView.swift */,
				62755A342C6226C400865616 /* Assets.xcassets */,
				62755A592C622D2A00865616 /* Extensions */,
				62755A362C6226C400865616 /* Preview Content */,
			);
			path = Monthly;
			sourceTree = "<group>";
		};
		62755A362C6226C400865616 /* Preview Content */ = {
			isa = PBXGroup;
			children = (
				62755A372C6226C400865616 /* Preview Assets.xcassets */,
			);
			path = "Preview Content";
			sourceTree = "<group>";
		};
		62755A432C62274400865616 /* Frameworks */ = {
			isa = PBXGroup;
			children = (
				62755A442C62274400865616 /* WidgetKit.framework */,
				62755A462C62274400865616 /* SwiftUI.framework */,
			);
			name = Frameworks;
			sourceTree = "<group>";
		};
		62755A482C62274400865616 /* MonthlyWidget */ = {
			isa = PBXGroup;
			children = (
				62755A492C62274400865616 /* MonthlyWidgetBundle.swift */,
				62755A4B2C62274400865616 /* MonthlyWidget.swift */,
				62755A5F2C6237C100865616 /* Models */,
				62755A4F2C62274600865616 /* Assets.xcassets */,
				62755A512C62274600865616 /* Info.plist */,
			);
			path = MonthlyWidget;
			sourceTree = "<group>";
		};
		62755A592C622D2A00865616 /* Extensions */ = {
			isa = PBXGroup;
			children = (
				62755A5A2C622D4D00865616 /* Date+Extension.swift */,
			);
			path = Extensions;
			sourceTree = "<group>";
		};
		62755A5F2C6237C100865616 /* Models */ = {
			isa = PBXGroup;
			children = (
				62755A5D2C6237BD00865616 /* DayEntry.swift */,
			);
			path = Models;
			sourceTree = "<group>";
		};
/* End PBXGroup section */

/* Begin PBXNativeTarget section */
		62755A2C2C6226C300865616 /* Monthly */ = {
			isa = PBXNativeTarget;
			buildConfigurationList = 62755A3B2C6226C400865616 /* Build configuration list for PBXNativeTarget "Monthly" */;
			buildPhases = (
				62755A292C6226C300865616 /* Sources */,
				62755A2A2C6226C300865616 /* Frameworks */,
				62755A2B2C6226C300865616 /* Resources */,
				62755A582C62274600865616 /* Embed Foundation Extensions */,
			);
			buildRules = (
			);
			dependencies = (
				62755A532C62274600865616 /* PBXTargetDependency */,
			);
			name = Monthly;
			productName = Monthly;
			productReference = 62755A2D2C6226C300865616 /* Monthly.app */;
			productType = "com.apple.product-type.application";
		};
		62755A412C62274400865616 /* MonthlyWidgetExtension */ = {
			isa = PBXNativeTarget;
			buildConfigurationList = 62755A552C62274600865616 /* Build configuration list for PBXNativeTarget "MonthlyWidgetExtension" */;
			buildPhases = (
				62755A3E2C62274400865616 /* Sources */,
				62755A3F2C62274400865616 /* Frameworks */,
				62755A402C62274400865616 /* Resources */,
			);
			buildRules = (
			);
			dependencies = (
			);
			name = MonthlyWidgetExtension;
			productName = MonthlyWidgetExtension;
			productReference = 62755A422C62274400865616 /* MonthlyWidgetExtension.appex */;
			productType = "com.apple.product-type.app-extension";
		};
/* End PBXNativeTarget section */

/* Begin PBXProject section */
		62755A252C6226C300865616 /* Project object */ = {
			isa = PBXProject;
			attributes = {
				BuildIndependentTargetsInParallel = 1;
				LastSwiftUpdateCheck = 1540;
				LastUpgradeCheck = 1540;
				TargetAttributes = {
					62755A2C2C6226C300865616 = {
						CreatedOnToolsVersion = 15.4;
					};
					62755A412C62274400865616 = {
						CreatedOnToolsVersion = 15.4;
					};
				};
			};
			buildConfigurationList = 62755A282C6226C300865616 /* Build configuration list for PBXProject "Monthly" */;
			compatibilityVersion = "Xcode 14.0";
			developmentRegion = en;
			hasScannedForEncodings = 0;
			knownRegions = (
				en,
				Base,
			);
			mainGroup = 62755A242C6226C300865616;
			productRefGroup = 62755A2E2C6226C300865616 /* Products */;
			projectDirPath = "";
			projectRoot = "";
			targets = (
				62755A2C2C6226C300865616 /* Monthly */,
				62755A412C62274400865616 /* MonthlyWidgetExtension */,
			);
		};
/* End PBXProject section */

/* Begin PBXResourcesBuildPhase section */
		62755A2B2C6226C300865616 /* Resources */ = {
			isa = PBXResourcesBuildPhase;
			buildActionMask = 2147483647;
			files = (
				62755A382C6226C400865616 /* Preview Assets.xcassets in Resources */,
				62755A352C6226C400865616 /* Assets.xcassets in Resources */,
			);
			runOnlyForDeploymentPostprocessing = 0;
		};
		62755A402C62274400865616 /* Resources */ = {
			isa = PBXResourcesBuildPhase;
			buildActionMask = 2147483647;
			files = (
				62755A502C62274600865616 /* Assets.xcassets in Resources */,
			);
			runOnlyForDeploymentPostprocessing = 0;
		};
/* End PBXResourcesBuildPhase section */

/* Begin PBXSourcesBuildPhase section */
		62755A292C6226C300865616 /* Sources */ = {
			isa = PBXSourcesBuildPhase;
			buildActionMask = 2147483647;
			files = (
				62755A332C6226C300865616 /* ContentView.swift in Sources */,
				62755A312C6226C300865616 /* MonthlyApp.swift in Sources */,
				62755A5B2C622D4D00865616 /* Date+Extension.swift in Sources */,
			);
			runOnlyForDeploymentPostprocessing = 0;
		};
		62755A3E2C62274400865616 /* Sources */ = {
			isa = PBXSourcesBuildPhase;
			buildActionMask = 2147483647;
			files = (
				62755A4A2C62274400865616 /* MonthlyWidgetBundle.swift in Sources */,
				62755A5C2C622D7C00865616 /* Date+Extension.swift in Sources */,
				62755A4C2C62274400865616 /* MonthlyWidget.swift in Sources */,
				62755A5E2C6237BD00865616 /* DayEntry.swift in Sources */,
			);
			runOnlyForDeploymentPostprocessing = 0;
		};
/* End PBXSourcesBuildPhase section */

/* Begin PBXTargetDependency section */
		62755A532C62274600865616 /* PBXTargetDependency */ = {
			isa = PBXTargetDependency;
			target = 62755A412C62274400865616 /* MonthlyWidgetExtension */;
			targetProxy = 62755A522C62274600865616 /* PBXContainerItemProxy */;
		};
/* End PBXTargetDependency section */

/* Begin XCBuildConfiguration section */
		62755A392C6226C400865616 /* Debug */ = {
			isa = XCBuildConfiguration;
			buildSettings = {
				ALWAYS_SEARCH_USER_PATHS = NO;
				ASSETCATALOG_COMPILER_GENERATE_SWIFT_ASSET_SYMBOL_EXTENSIONS = YES;
				CLANG_ANALYZER_NONNULL = YES;
				CLANG_ANALYZER_NUMBER_OBJECT_CONVERSION = YES_AGGRESSIVE;
				CLANG_CXX_LANGUAGE_STANDARD = "gnu++20";
				CLANG_ENABLE_MODULES = YES;
				CLANG_ENABLE_OBJC_ARC = YES;
				CLANG_ENABLE_OBJC_WEAK = YES;
				CLANG_WARN_BLOCK_CAPTURE_AUTORELEASING = YES;
				CLANG_WARN_BOOL_CONVERSION = YES;
				CLANG_WARN_COMMA = YES;
				CLANG_WARN_CONSTANT_CONVERSION = YES;
				CLANG_WARN_DEPRECATED_OBJC_IMPLEMENTATIONS = YES;
				CLANG_WARN_DIRECT_OBJC_ISA_USAGE = YES_ERROR;
				CLANG_WARN_DOCUMENTATION_COMMENTS = YES;
				CLANG_WARN_EMPTY_BODY = YES;
				CLANG_WARN_ENUM_CONVERSION = YES;
				CLANG_WARN_INFINITE_RECURSION = YES;
				CLANG_WARN_INT_CONVERSION = YES;
				CLANG_WARN_NON_LITERAL_NULL_CONVERSION = YES;
				CLANG_WARN_OBJC_IMPLICIT_RETAIN_SELF = YES;
				CLANG_WARN_OBJC_LITERAL_CONVERSION = YES;
				CLANG_WARN_OBJC_ROOT_CLASS = YES_ERROR;
				CLANG_WARN_QUOTED_INCLUDE_IN_FRAMEWORK_HEADER = YES;
				CLANG_WARN_RANGE_LOOP_ANALYSIS = YES;
				CLANG_WARN_STRICT_PROTOTYPES = YES;
				CLANG_WARN_SUSPICIOUS_MOVE = YES;
				CLANG_WARN_UNGUARDED_AVAILABILITY = YES_AGGRESSIVE;
				CLANG_WARN_UNREACHABLE_CODE = YES;
				CLANG_WARN__DUPLICATE_METHOD_MATCH = YES;
				COPY_PHASE_STRIP = NO;
				DEBUG_INFORMATION_FORMAT = dwarf;
				ENABLE_STRICT_OBJC_MSGSEND = YES;
				ENABLE_TESTABILITY = YES;
				ENABLE_USER_SCRIPT_SANDBOXING = YES;
				GCC_C_LANGUAGE_STANDARD = gnu17;
				GCC_DYNAMIC_NO_PIC = NO;
				GCC_NO_COMMON_BLOCKS = YES;
				GCC_OPTIMIZATION_LEVEL = 0;
				GCC_PREPROCESSOR_DEFINITIONS = (
					"DEBUG=1",
					"$(inherited)",
				);
				GCC_WARN_64_TO_32_BIT_CONVERSION = YES;
				GCC_WARN_ABOUT_RETURN_TYPE = YES_ERROR;
				GCC_WARN_UNDECLARED_SELECTOR = YES;
				GCC_WARN_UNINITIALIZED_AUTOS = YES_AGGRESSIVE;
				GCC_WARN_UNUSED_FUNCTION = YES;
				GCC_WARN_UNUSED_VARIABLE = YES;
				IPHONEOS_DEPLOYMENT_TARGET = 17.5;
				LOCALIZATION_PREFERS_STRING_CATALOGS = YES;
				MTL_ENABLE_DEBUG_INFO = INCLUDE_SOURCE;
				MTL_FAST_MATH = YES;
				ONLY_ACTIVE_ARCH = YES;
				SDKROOT = iphoneos;
				SWIFT_ACTIVE_COMPILATION_CONDITIONS = "DEBUG $(inherited)";
				SWIFT_OPTIMIZATION_LEVEL = "-Onone";
			};
			name = Debug;
		};
		62755A3A2C6226C400865616 /* Release */ = {
			isa = XCBuildConfiguration;
			buildSettings = {
				ALWAYS_SEARCH_USER_PATHS = NO;
				ASSETCATALOG_COMPILER_GENERATE_SWIFT_ASSET_SYMBOL_EXTENSIONS = YES;
				CLANG_ANALYZER_NONNULL = YES;
				CLANG_ANALYZER_NUMBER_OBJECT_CONVERSION = YES_AGGRESSIVE;
				CLANG_CXX_LANGUAGE_STANDARD = "gnu++20";
				CLANG_ENABLE_MODULES = YES;
				CLANG_ENABLE_OBJC_ARC = YES;
				CLANG_ENABLE_OBJC_WEAK = YES;
				CLANG_WARN_BLOCK_CAPTURE_AUTORELEASING = YES;
				CLANG_WARN_BOOL_CONVERSION = YES;
				CLANG_WARN_COMMA = YES;
				CLANG_WARN_CONSTANT_CONVERSION = YES;
				CLANG_WARN_DEPRECATED_OBJC_IMPLEMENTATIONS = YES;
				CLANG_WARN_DIRECT_OBJC_ISA_USAGE = YES_ERROR;
				CLANG_WARN_DOCUMENTATION_COMMENTS = YES;
				CLANG_WARN_EMPTY_BODY = YES;
				CLANG_WARN_ENUM_CONVERSION = YES;
				CLANG_WARN_INFINITE_RECURSION = YES;
				CLANG_WARN_INT_CONVERSION = YES;
				CLANG_WARN_NON_LITERAL_NULL_CONVERSION = YES;
				CLANG_WARN_OBJC_IMPLICIT_RETAIN_SELF = YES;
				CLANG_WARN_OBJC_LITERAL_CONVERSION = YES;
				CLANG_WARN_OBJC_ROOT_CLASS = YES_ERROR;
				CLANG_WARN_QUOTED_INCLUDE_IN_FRAMEWORK_HEADER = YES;
				CLANG_WARN_RANGE_LOOP_ANALYSIS = YES;
				CLANG_WARN_STRICT_PROTOTYPES = YES;
				CLANG_WARN_SUSPICIOUS_MOVE = YES;
				CLANG_WARN_UNGUARDED_AVAILABILITY = YES_AGGRESSIVE;
				CLANG_WARN_UNREACHABLE_CODE = YES;
				CLANG_WARN__DUPLICATE_METHOD_MATCH = YES;
				COPY_PHASE_STRIP = NO;
				DEBUG_INFORMATION_FORMAT = "dwarf-with-dsym";
				ENABLE_NS_ASSERTIONS = NO;
				ENABLE_STRICT_OBJC_MSGSEND = YES;
				ENABLE_USER_SCRIPT_SANDBOXING = YES;
				GCC_C_LANGUAGE_STANDARD = gnu17;
				GCC_NO_COMMON_BLOCKS = YES;
				GCC_WARN_64_TO_32_BIT_CONVERSION = YES;
				GCC_WARN_ABOUT_RETURN_TYPE = YES_ERROR;
				GCC_WARN_UNDECLARED_SELECTOR = YES;
				GCC_WARN_UNINITIALIZED_AUTOS = YES_AGGRESSIVE;
				GCC_WARN_UNUSED_FUNCTION = YES;
				GCC_WARN_UNUSED_VARIABLE = YES;
				IPHONEOS_DEPLOYMENT_TARGET = 17.5;
				LOCALIZATION_PREFERS_STRING_CATALOGS = YES;
				MTL_ENABLE_DEBUG_INFO = NO;
				MTL_FAST_MATH = YES;
				SDKROOT = iphoneos;
				SWIFT_COMPILATION_MODE = wholemodule;
				VALIDATE_PRODUCT = YES;
			};
			name = Release;
		};
		62755A3C2C6226C400865616 /* Debug */ = {
			isa = XCBuildConfiguration;
			buildSettings = {
				ALWAYS_EMBED_SWIFT_STANDARD_LIBRARIES = YES;
				ASSETCATALOG_COMPILER_APPICON_NAME = AppIcon;
				ASSETCATALOG_COMPILER_GLOBAL_ACCENT_COLOR_NAME = AccentColor;
				CODE_SIGN_STYLE = Automatic;
				CURRENT_PROJECT_VERSION = 1;
				DEVELOPMENT_ASSET_PATHS = "\"Monthly/Preview Content\"";
				DEVELOPMENT_TEAM = 3P7CETXY8N;
				ENABLE_PREVIEWS = YES;
				GENERATE_INFOPLIST_FILE = YES;
				INFOPLIST_KEY_UIApplicationSceneManifest_Generation = YES;
				INFOPLIST_KEY_UIApplicationSupportsIndirectInputEvents = YES;
				INFOPLIST_KEY_UILaunchScreen_Generation = YES;
				INFOPLIST_KEY_UISupportedInterfaceOrientations_iPad = "UIInterfaceOrientationPortrait UIInterfaceOrientationPortraitUpsideDown UIInterfaceOrientationLandscapeLeft UIInterfaceOrientationLandscapeRight";
				INFOPLIST_KEY_UISupportedInterfaceOrientations_iPhone = "UIInterfaceOrientationPortrait UIInterfaceOrientationLandscapeLeft UIInterfaceOrientationLandscapeRight";
				LD_RUNPATH_SEARCH_PATHS = (
					"$(inherited)",
					"@executable_path/Frameworks",
				);
				MARKETING_VERSION = 1.0;
				PRODUCT_BUNDLE_IDENTIFIER = "dambrisi-corp.Monthly";
				PRODUCT_NAME = "$(TARGET_NAME)";
				SWIFT_EMIT_LOC_STRINGS = YES;
				SWIFT_VERSION = 5.0;
				TARGETED_DEVICE_FAMILY = "1,2";
			};
			name = Debug;
		};
		62755A3D2C6226C400865616 /* Release */ = {
			isa = XCBuildConfiguration;
			buildSettings = {
				ALWAYS_EMBED_SWIFT_STANDARD_LIBRARIES = YES;
				ASSETCATALOG_COMPILER_APPICON_NAME = AppIcon;
				ASSETCATALOG_COMPILER_GLOBAL_ACCENT_COLOR_NAME = AccentColor;
				CODE_SIGN_STYLE = Automatic;
				CURRENT_PROJECT_VERSION = 1;
				DEVELOPMENT_ASSET_PATHS = "\"Monthly/Preview Content\"";
				DEVELOPMENT_TEAM = 3P7CETXY8N;
				ENABLE_PREVIEWS = YES;
				GENERATE_INFOPLIST_FILE = YES;
				INFOPLIST_KEY_UIApplicationSceneManifest_Generation = YES;
				INFOPLIST_KEY_UIApplicationSupportsIndirectInputEvents = YES;
				INFOPLIST_KEY_UILaunchScreen_Generation = YES;
				INFOPLIST_KEY_UISupportedInterfaceOrientations_iPad = "UIInterfaceOrientationPortrait UIInterfaceOrientationPortraitUpsideDown UIInterfaceOrientationLandscapeLeft UIInterfaceOrientationLandscapeRight";
				INFOPLIST_KEY_UISupportedInterfaceOrientations_iPhone = "UIInterfaceOrientationPortrait UIInterfaceOrientationLandscapeLeft UIInterfaceOrientationLandscapeRight";
				LD_RUNPATH_SEARCH_PATHS = (
					"$(inherited)",
					"@executable_path/Frameworks",
				);
				MARKETING_VERSION = 1.0;
				PRODUCT_BUNDLE_IDENTIFIER = "dambrisi-corp.Monthly";
				PRODUCT_NAME = "$(TARGET_NAME)";
				SWIFT_EMIT_LOC_STRINGS = YES;
				SWIFT_VERSION = 5.0;
				TARGETED_DEVICE_FAMILY = "1,2";
			};
			name = Release;
		};
		62755A562C62274600865616 /* Debug */ = {
			isa = XCBuildConfiguration;
			buildSettings = {
				ASSETCATALOG_COMPILER_GLOBAL_ACCENT_COLOR_NAME = AccentColor;
				ASSETCATALOG_COMPILER_WIDGET_BACKGROUND_COLOR_NAME = WidgetBackground;
				CODE_SIGN_STYLE = Automatic;
				CURRENT_PROJECT_VERSION = 1;
				DEVELOPMENT_TEAM = 3P7CETXY8N;
				GENERATE_INFOPLIST_FILE = YES;
				INFOPLIST_FILE = MonthlyWidget/Info.plist;
				INFOPLIST_KEY_CFBundleDisplayName = MonthlyWidget;
				INFOPLIST_KEY_NSHumanReadableCopyright = "";
				LD_RUNPATH_SEARCH_PATHS = (
					"$(inherited)",
					"@executable_path/Frameworks",
					"@executable_path/../../Frameworks",
				);
				MARKETING_VERSION = 1.0;
				PRODUCT_BUNDLE_IDENTIFIER = "dambrisi-corp.Monthly.MonthlyWidget";
				PRODUCT_NAME = "$(TARGET_NAME)";
				SKIP_INSTALL = YES;
				SWIFT_EMIT_LOC_STRINGS = YES;
				SWIFT_VERSION = 5.0;
				TARGETED_DEVICE_FAMILY = "1,2";
			};
			name = Debug;
		};
		62755A572C62274600865616 /* Release */ = {
			isa = XCBuildConfiguration;
			buildSettings = {
				ASSETCATALOG_COMPILER_GLOBAL_ACCENT_COLOR_NAME = AccentColor;
				ASSETCATALOG_COMPILER_WIDGET_BACKGROUND_COLOR_NAME = WidgetBackground;
				CODE_SIGN_STYLE = Automatic;
				CURRENT_PROJECT_VERSION = 1;
				DEVELOPMENT_TEAM = 3P7CETXY8N;
				GENERATE_INFOPLIST_FILE = YES;
				INFOPLIST_FILE = MonthlyWidget/Info.plist;
				INFOPLIST_KEY_CFBundleDisplayName = MonthlyWidget;
				INFOPLIST_KEY_NSHumanReadableCopyright = "";
				LD_RUNPATH_SEARCH_PATHS = (
					"$(inherited)",
					"@executable_path/Frameworks",
					"@executable_path/../../Frameworks",
				);
				MARKETING_VERSION = 1.0;
				PRODUCT_BUNDLE_IDENTIFIER = "dambrisi-corp.Monthly.MonthlyWidget";
				PRODUCT_NAME = "$(TARGET_NAME)";
				SKIP_INSTALL = YES;
				SWIFT_EMIT_LOC_STRINGS = YES;
				SWIFT_VERSION = 5.0;
				TARGETED_DEVICE_FAMILY = "1,2";
			};
			name = Release;
		};
/* End XCBuildConfiguration section */

/* Begin XCConfigurationList section */
		62755A282C6226C300865616 /* Build configuration list for PBXProject "Monthly" */ = {
			isa = XCConfigurationList;
			buildConfigurations = (
				62755A392C6226C400865616 /* Debug */,
				62755A3A2C6226C400865616 /* Release */,
			);
			defaultConfigurationIsVisible = 0;
			defaultConfigurationName = Release;
		};
		62755A3B2C6226C400865616 /* Build configuration list for PBXNativeTarget "Monthly" */ = {
			isa = XCConfigurationList;
			buildConfigurations = (
				62755A3C2C6226C400865616 /* Debug */,
				62755A3D2C6226C400865616 /* Release */,
			);
			defaultConfigurationIsVisible = 0;
			defaultConfigurationName = Release;
		};
		62755A552C62274600865616 /* Build configuration list for PBXNativeTarget "MonthlyWidgetExtension" */ = {
			isa = XCConfigurationList;
			buildConfigurations = (
				62755A562C62274600865616 /* Debug */,
				62755A572C62274600865616 /* Release */,
			);
			defaultConfigurationIsVisible = 0;
			defaultConfigurationName = Release;
		};
/* End XCConfigurationList section */
	};
	rootObject = 62755A252C6226C300865616 /* Project object */;
}
