// !$*UTF8*$!
{
	archiveVersion = 1;
	classes = {
	};
	objectVersion = 56;
	objects = {

/* Begin PBXBuildFile section */
		6208C0A62C6A3AF200F16AA2 /* Day.swift in Sources */ = {isa = PBXBuildFile; fileRef = 6208C0A52C6A3AF200F16AA2 /* Day.swift */; };
		6208C0A72C6A3AF200F16AA2 /* Day.swift in Sources */ = {isa = PBXBuildFile; fileRef = 6208C0A52C6A3AF200F16AA2 /* Day.swift */; };
		6208C0AA2C6A47B900F16AA2 /* Persistence.swift in Sources */ = {isa = PBXBuildFile; fileRef = 6208C0A92C6A47B900F16AA2 /* Persistence.swift */; };
		6208C0AB2C6A47B900F16AA2 /* Persistence.swift in Sources */ = {isa = PBXBuildFile; fileRef = 6208C0A92C6A47B900F16AA2 /* Persistence.swift */; };
		6208C0AD2C6A48B000F16AA2 /* AppIntents.swift in Sources */ = {isa = PBXBuildFile; fileRef = 6208C0AC2C6A48B000F16AA2 /* AppIntents.swift */; };
		6208C0AE2C6A48B000F16AA2 /* AppIntents.swift in Sources */ = {isa = PBXBuildFile; fileRef = 6208C0AC2C6A48B000F16AA2 /* AppIntents.swift */; };
		62A4C85E2C69FF68006CB7EF /* SwiftCalApp.swift in Sources */ = {isa = PBXBuildFile; fileRef = 62A4C85D2C69FF68006CB7EF /* SwiftCalApp.swift */; };
		62A4C8602C69FF68006CB7EF /* CalendarView.swift in Sources */ = {isa = PBXBuildFile; fileRef = 62A4C85F2C69FF68006CB7EF /* CalendarView.swift */; };
		62A4C8622C69FF6A006CB7EF /* Assets.xcassets in Resources */ = {isa = PBXBuildFile; fileRef = 62A4C8612C69FF6A006CB7EF /* Assets.xcassets */; };
		62A4C8652C69FF6A006CB7EF /* Preview Assets.xcassets in Resources */ = {isa = PBXBuildFile; fileRef = 62A4C8642C69FF6A006CB7EF /* Preview Assets.xcassets */; };
		62A4C8722C6A07E6006CB7EF /* Date+Extension.swift in Sources */ = {isa = PBXBuildFile; fileRef = 62A4C8712C6A07E6006CB7EF /* Date+Extension.swift */; };
		62A4C8742C6A13FA006CB7EF /* StreakView.swift in Sources */ = {isa = PBXBuildFile; fileRef = 62A4C8732C6A13FA006CB7EF /* StreakView.swift */; };
		62A4C87C2C6A228C006CB7EF /* WidgetKit.framework in Frameworks */ = {isa = PBXBuildFile; fileRef = 62A4C87B2C6A228C006CB7EF /* WidgetKit.framework */; };
		62A4C87E2C6A228C006CB7EF /* SwiftUI.framework in Frameworks */ = {isa = PBXBuildFile; fileRef = 62A4C87D2C6A228C006CB7EF /* SwiftUI.framework */; };
		62A4C8812C6A228C006CB7EF /* SwiftCalWidgetBundle.swift in Sources */ = {isa = PBXBuildFile; fileRef = 62A4C8802C6A228C006CB7EF /* SwiftCalWidgetBundle.swift */; };
		62A4C8832C6A228C006CB7EF /* SwiftCalWidget.swift in Sources */ = {isa = PBXBuildFile; fileRef = 62A4C8822C6A228C006CB7EF /* SwiftCalWidget.swift */; };
		62A4C8852C6A228E006CB7EF /* Assets.xcassets in Resources */ = {isa = PBXBuildFile; fileRef = 62A4C8842C6A228E006CB7EF /* Assets.xcassets */; };
		62A4C8892C6A228E006CB7EF /* SwiftCalWidgetExtension.appex in Embed Foundation Extensions */ = {isa = PBXBuildFile; fileRef = 62A4C8792C6A228C006CB7EF /* SwiftCalWidgetExtension.appex */; settings = {ATTRIBUTES = (RemoveHeadersOnCopy, ); }; };
		62A4C8912C6A28A7006CB7EF /* SwiftCalWidgetView.swift in Sources */ = {isa = PBXBuildFile; fileRef = 62A4C8902C6A28A7006CB7EF /* SwiftCalWidgetView.swift */; };
		62A4C8932C6A29AD006CB7EF /* CalendarHeaderView.swift in Sources */ = {isa = PBXBuildFile; fileRef = 62A4C8922C6A29AD006CB7EF /* CalendarHeaderView.swift */; };
		62A4C8942C6A29AD006CB7EF /* CalendarHeaderView.swift in Sources */ = {isa = PBXBuildFile; fileRef = 62A4C8922C6A29AD006CB7EF /* CalendarHeaderView.swift */; };
		62A4C8972C6A2D16006CB7EF /* Date+Extension.swift in Sources */ = {isa = PBXBuildFile; fileRef = 62A4C8712C6A07E6006CB7EF /* Date+Extension.swift */; };
/* End PBXBuildFile section */

/* Begin PBXContainerItemProxy section */
		62A4C8872C6A228E006CB7EF /* PBXContainerItemProxy */ = {
			isa = PBXContainerItemProxy;
			containerPortal = 62A4C8522C69FF68006CB7EF /* Project object */;
			proxyType = 1;
			remoteGlobalIDString = 62A4C8782C6A228C006CB7EF;
			remoteInfo = SwiftCalWidgetExtension;
		};
/* End PBXContainerItemProxy section */

/* Begin PBXCopyFilesBuildPhase section */
		62A4C88A2C6A228E006CB7EF /* Embed Foundation Extensions */ = {
			isa = PBXCopyFilesBuildPhase;
			buildActionMask = 2147483647;
			dstPath = "";
			dstSubfolderSpec = 13;
			files = (
				62A4C8892C6A228E006CB7EF /* SwiftCalWidgetExtension.appex in Embed Foundation Extensions */,
			);
			name = "Embed Foundation Extensions";
			runOnlyForDeploymentPostprocessing = 0;
		};
/* End PBXCopyFilesBuildPhase section */

/* Begin PBXFileReference section */
		6208C0A52C6A3AF200F16AA2 /* Day.swift */ = {isa = PBXFileReference; lastKnownFileType = sourcecode.swift; path = Day.swift; sourceTree = "<group>"; };
		6208C0A92C6A47B900F16AA2 /* Persistence.swift */ = {isa = PBXFileReference; lastKnownFileType = sourcecode.swift; path = Persistence.swift; sourceTree = "<group>"; };
		6208C0AC2C6A48B000F16AA2 /* AppIntents.swift */ = {isa = PBXFileReference; lastKnownFileType = sourcecode.swift; path = AppIntents.swift; sourceTree = "<group>"; };
		62A4C85A2C69FF68006CB7EF /* SwiftCal.app */ = {isa = PBXFileReference; explicitFileType = wrapper.application; includeInIndex = 0; path = SwiftCal.app; sourceTree = BUILT_PRODUCTS_DIR; };
		62A4C85D2C69FF68006CB7EF /* SwiftCalApp.swift */ = {isa = PBXFileReference; lastKnownFileType = sourcecode.swift; path = SwiftCalApp.swift; sourceTree = "<group>"; };
		62A4C85F2C69FF68006CB7EF /* CalendarView.swift */ = {isa = PBXFileReference; lastKnownFileType = sourcecode.swift; path = CalendarView.swift; sourceTree = "<group>"; };
		62A4C8612C69FF6A006CB7EF /* Assets.xcassets */ = {isa = PBXFileReference; lastKnownFileType = folder.assetcatalog; path = Assets.xcassets; sourceTree = "<group>"; };
		62A4C8642C69FF6A006CB7EF /* Preview Assets.xcassets */ = {isa = PBXFileReference; lastKnownFileType = folder.assetcatalog; path = "Preview Assets.xcassets"; sourceTree = "<group>"; };
		62A4C8712C6A07E6006CB7EF /* Date+Extension.swift */ = {isa = PBXFileReference; lastKnownFileType = sourcecode.swift; path = "Date+Extension.swift"; sourceTree = "<group>"; };
		62A4C8732C6A13FA006CB7EF /* StreakView.swift */ = {isa = PBXFileReference; lastKnownFileType = sourcecode.swift; path = StreakView.swift; sourceTree = "<group>"; };
		62A4C8792C6A228C006CB7EF /* SwiftCalWidgetExtension.appex */ = {isa = PBXFileReference; explicitFileType = "wrapper.app-extension"; includeInIndex = 0; path = SwiftCalWidgetExtension.appex; sourceTree = BUILT_PRODUCTS_DIR; };
		62A4C87B2C6A228C006CB7EF /* WidgetKit.framework */ = {isa = PBXFileReference; lastKnownFileType = wrapper.framework; name = WidgetKit.framework; path = System/Library/Frameworks/WidgetKit.framework; sourceTree = SDKROOT; };
		62A4C87D2C6A228C006CB7EF /* SwiftUI.framework */ = {isa = PBXFileReference; lastKnownFileType = wrapper.framework; name = SwiftUI.framework; path = System/Library/Frameworks/SwiftUI.framework; sourceTree = SDKROOT; };
		62A4C8802C6A228C006CB7EF /* SwiftCalWidgetBundle.swift */ = {isa = PBXFileReference; lastKnownFileType = sourcecode.swift; path = SwiftCalWidgetBundle.swift; sourceTree = "<group>"; };
		62A4C8822C6A228C006CB7EF /* SwiftCalWidget.swift */ = {isa = PBXFileReference; lastKnownFileType = sourcecode.swift; path = SwiftCalWidget.swift; sourceTree = "<group>"; };
		62A4C8842C6A228E006CB7EF /* Assets.xcassets */ = {isa = PBXFileReference; lastKnownFileType = folder.assetcatalog; path = Assets.xcassets; sourceTree = "<group>"; };
		62A4C8862C6A228E006CB7EF /* Info.plist */ = {isa = PBXFileReference; lastKnownFileType = text.plist.xml; path = Info.plist; sourceTree = "<group>"; };
		62A4C88E2C6A22AB006CB7EF /* SwiftCal.entitlements */ = {isa = PBXFileReference; lastKnownFileType = text.plist.entitlements; path = SwiftCal.entitlements; sourceTree = "<group>"; };
		62A4C88F2C6A22F9006CB7EF /* SwiftCalWidgetExtension.entitlements */ = {isa = PBXFileReference; lastKnownFileType = text.plist.entitlements; path = SwiftCalWidgetExtension.entitlements; sourceTree = "<group>"; };
		62A4C8902C6A28A7006CB7EF /* SwiftCalWidgetView.swift */ = {isa = PBXFileReference; lastKnownFileType = sourcecode.swift; path = SwiftCalWidgetView.swift; sourceTree = "<group>"; };
		62A4C8922C6A29AD006CB7EF /* CalendarHeaderView.swift */ = {isa = PBXFileReference; lastKnownFileType = sourcecode.swift; path = CalendarHeaderView.swift; sourceTree = "<group>"; };
/* End PBXFileReference section */

/* Begin PBXFrameworksBuildPhase section */
		62A4C8572C69FF68006CB7EF /* Frameworks */ = {
			isa = PBXFrameworksBuildPhase;
			buildActionMask = 2147483647;
			files = (
			);
			runOnlyForDeploymentPostprocessing = 0;
		};
		62A4C8762C6A228C006CB7EF /* Frameworks */ = {
			isa = PBXFrameworksBuildPhase;
			buildActionMask = 2147483647;
			files = (
				62A4C87E2C6A228C006CB7EF /* SwiftUI.framework in Frameworks */,
				62A4C87C2C6A228C006CB7EF /* WidgetKit.framework in Frameworks */,
			);
			runOnlyForDeploymentPostprocessing = 0;
		};
/* End PBXFrameworksBuildPhase section */

/* Begin PBXGroup section */
		6208C0A82C6A3B1200F16AA2 /* SwiftData */ = {
			isa = PBXGroup;
			children = (
				6208C0A52C6A3AF200F16AA2 /* Day.swift */,
			);
			path = SwiftData;
			sourceTree = "<group>";
		};
		62A4C8512C69FF68006CB7EF = {
			isa = PBXGroup;
			children = (
				62A4C88F2C6A22F9006CB7EF /* SwiftCalWidgetExtension.entitlements */,
				62A4C85C2C69FF68006CB7EF /* SwiftCal */,
				62A4C87F2C6A228C006CB7EF /* SwiftCalWidget */,
				62A4C87A2C6A228C006CB7EF /* Frameworks */,
				62A4C85B2C69FF68006CB7EF /* Products */,
			);
			sourceTree = "<group>";
		};
		62A4C85B2C69FF68006CB7EF /* Products */ = {
			isa = PBXGroup;
			children = (
				62A4C85A2C69FF68006CB7EF /* SwiftCal.app */,
				62A4C8792C6A228C006CB7EF /* SwiftCalWidgetExtension.appex */,
			);
			name = Products;
			sourceTree = "<group>";
		};
		62A4C85C2C69FF68006CB7EF /* SwiftCal */ = {
			isa = PBXGroup;
			children = (
				62A4C88E2C6A22AB006CB7EF /* SwiftCal.entitlements */,
				62A4C85D2C69FF68006CB7EF /* SwiftCalApp.swift */,
				62A4C85F2C69FF68006CB7EF /* CalendarView.swift */,
				62A4C8732C6A13FA006CB7EF /* StreakView.swift */,
				6208C0A92C6A47B900F16AA2 /* Persistence.swift */,
				6208C0A82C6A3B1200F16AA2 /* SwiftData */,
				62A4C8952C6A2A50006CB7EF /* UI */,
				62A4C8702C6A07D6006CB7EF /* Extension */,
				62A4C8612C69FF6A006CB7EF /* Assets.xcassets */,
				62A4C8632C69FF6A006CB7EF /* Preview Content */,
				6208C0AC2C6A48B000F16AA2 /* AppIntents.swift */,
			);
			path = SwiftCal;
			sourceTree = "<group>";
		};
		62A4C8632C69FF6A006CB7EF /* Preview Content */ = {
			isa = PBXGroup;
			children = (
				62A4C8642C69FF6A006CB7EF /* Preview Assets.xcassets */,
			);
			path = "Preview Content";
			sourceTree = "<group>";
		};
		62A4C8702C6A07D6006CB7EF /* Extension */ = {
			isa = PBXGroup;
			children = (
				62A4C8712C6A07E6006CB7EF /* Date+Extension.swift */,
			);
			path = Extension;
			sourceTree = "<group>";
		};
		62A4C87A2C6A228C006CB7EF /* Frameworks */ = {
			isa = PBXGroup;
			children = (
				62A4C87B2C6A228C006CB7EF /* WidgetKit.framework */,
				62A4C87D2C6A228C006CB7EF /* SwiftUI.framework */,
			);
			name = Frameworks;
			sourceTree = "<group>";
		};
		62A4C87F2C6A228C006CB7EF /* SwiftCalWidget */ = {
			isa = PBXGroup;
			children = (
				62A4C8802C6A228C006CB7EF /* SwiftCalWidgetBundle.swift */,
				62A4C8822C6A228C006CB7EF /* SwiftCalWidget.swift */,
				62A4C8902C6A28A7006CB7EF /* SwiftCalWidgetView.swift */,
				62A4C8842C6A228E006CB7EF /* Assets.xcassets */,
				62A4C8862C6A228E006CB7EF /* Info.plist */,
			);
			path = SwiftCalWidget;
			sourceTree = "<group>";
		};
		62A4C8952C6A2A50006CB7EF /* UI */ = {
			isa = PBXGroup;
			children = (
				62A4C8922C6A29AD006CB7EF /* CalendarHeaderView.swift */,
			);
			path = UI;
			sourceTree = "<group>";
		};
/* End PBXGroup section */

/* Begin PBXNativeTarget section */
		62A4C8592C69FF68006CB7EF /* SwiftCal */ = {
			isa = PBXNativeTarget;
			buildConfigurationList = 62A4C86D2C69FF6A006CB7EF /* Build configuration list for PBXNativeTarget "SwiftCal" */;
			buildPhases = (
				62A4C8562C69FF68006CB7EF /* Sources */,
				62A4C8572C69FF68006CB7EF /* Frameworks */,
				62A4C8582C69FF68006CB7EF /* Resources */,
				62A4C88A2C6A228E006CB7EF /* Embed Foundation Extensions */,
			);
			buildRules = (
			);
			dependencies = (
				62A4C8882C6A228E006CB7EF /* PBXTargetDependency */,
			);
			name = SwiftCal;
			productName = SwiftCal;
			productReference = 62A4C85A2C69FF68006CB7EF /* SwiftCal.app */;
			productType = "com.apple.product-type.application";
		};
		62A4C8782C6A228C006CB7EF /* SwiftCalWidgetExtension */ = {
			isa = PBXNativeTarget;
			buildConfigurationList = 62A4C88D2C6A228E006CB7EF /* Build configuration list for PBXNativeTarget "SwiftCalWidgetExtension" */;
			buildPhases = (
				62A4C8752C6A228C006CB7EF /* Sources */,
				62A4C8762C6A228C006CB7EF /* Frameworks */,
				62A4C8772C6A228C006CB7EF /* Resources */,
			);
			buildRules = (
			);
			dependencies = (
			);
			name = SwiftCalWidgetExtension;
			productName = SwiftCalWidgetExtension;
			productReference = 62A4C8792C6A228C006CB7EF /* SwiftCalWidgetExtension.appex */;
			productType = "com.apple.product-type.app-extension";
		};
/* End PBXNativeTarget section */

/* Begin PBXProject section */
		62A4C8522C69FF68006CB7EF /* Project object */ = {
			isa = PBXProject;
			attributes = {
				BuildIndependentTargetsInParallel = 1;
				LastSwiftUpdateCheck = 1540;
				LastUpgradeCheck = 1540;
				TargetAttributes = {
					62A4C8592C69FF68006CB7EF = {
						CreatedOnToolsVersion = 15.4;
					};
					62A4C8782C6A228C006CB7EF = {
						CreatedOnToolsVersion = 15.4;
					};
				};
			};
			buildConfigurationList = 62A4C8552C69FF68006CB7EF /* Build configuration list for PBXProject "SwiftCal" */;
			compatibilityVersion = "Xcode 14.0";
			developmentRegion = en;
			hasScannedForEncodings = 0;
			knownRegions = (
				en,
				Base,
			);
			mainGroup = 62A4C8512C69FF68006CB7EF;
			productRefGroup = 62A4C85B2C69FF68006CB7EF /* Products */;
			projectDirPath = "";
			projectRoot = "";
			targets = (
				62A4C8592C69FF68006CB7EF /* SwiftCal */,
				62A4C8782C6A228C006CB7EF /* SwiftCalWidgetExtension */,
			);
		};
/* End PBXProject section */

/* Begin PBXResourcesBuildPhase section */
		62A4C8582C69FF68006CB7EF /* Resources */ = {
			isa = PBXResourcesBuildPhase;
			buildActionMask = 2147483647;
			files = (
				62A4C8652C69FF6A006CB7EF /* Preview Assets.xcassets in Resources */,
				62A4C8622C69FF6A006CB7EF /* Assets.xcassets in Resources */,
			);
			runOnlyForDeploymentPostprocessing = 0;
		};
		62A4C8772C6A228C006CB7EF /* Resources */ = {
			isa = PBXResourcesBuildPhase;
			buildActionMask = 2147483647;
			files = (
				62A4C8852C6A228E006CB7EF /* Assets.xcassets in Resources */,
			);
			runOnlyForDeploymentPostprocessing = 0;
		};
/* End PBXResourcesBuildPhase section */

/* Begin PBXSourcesBuildPhase section */
		62A4C8562C69FF68006CB7EF /* Sources */ = {
			isa = PBXSourcesBuildPhase;
			buildActionMask = 2147483647;
			files = (
				62A4C8742C6A13FA006CB7EF /* StreakView.swift in Sources */,
				6208C0AD2C6A48B000F16AA2 /* AppIntents.swift in Sources */,
				62A4C8722C6A07E6006CB7EF /* Date+Extension.swift in Sources */,
				6208C0A62C6A3AF200F16AA2 /* Day.swift in Sources */,
				6208C0AA2C6A47B900F16AA2 /* Persistence.swift in Sources */,
				62A4C8932C6A29AD006CB7EF /* CalendarHeaderView.swift in Sources */,
				62A4C8602C69FF68006CB7EF /* CalendarView.swift in Sources */,
				62A4C85E2C69FF68006CB7EF /* SwiftCalApp.swift in Sources */,
			);
			runOnlyForDeploymentPostprocessing = 0;
		};
		62A4C8752C6A228C006CB7EF /* Sources */ = {
			isa = PBXSourcesBuildPhase;
			buildActionMask = 2147483647;
			files = (
				62A4C8912C6A28A7006CB7EF /* SwiftCalWidgetView.swift in Sources */,
				6208C0AE2C6A48B000F16AA2 /* AppIntents.swift in Sources */,
				6208C0A72C6A3AF200F16AA2 /* Day.swift in Sources */,
				62A4C8942C6A29AD006CB7EF /* CalendarHeaderView.swift in Sources */,
				6208C0AB2C6A47B900F16AA2 /* Persistence.swift in Sources */,
				62A4C8832C6A228C006CB7EF /* SwiftCalWidget.swift in Sources */,
				62A4C8812C6A228C006CB7EF /* SwiftCalWidgetBundle.swift in Sources */,
				62A4C8972C6A2D16006CB7EF /* Date+Extension.swift in Sources */,
			);
			runOnlyForDeploymentPostprocessing = 0;
		};
/* End PBXSourcesBuildPhase section */

/* Begin PBXTargetDependency section */
		62A4C8882C6A228E006CB7EF /* PBXTargetDependency */ = {
			isa = PBXTargetDependency;
			target = 62A4C8782C6A228C006CB7EF /* SwiftCalWidgetExtension */;
			targetProxy = 62A4C8872C6A228E006CB7EF /* PBXContainerItemProxy */;
		};
/* End PBXTargetDependency section */

/* Begin XCBuildConfiguration section */
		62A4C86B2C69FF6A006CB7EF /* Debug */ = {
			isa = XCBuildConfiguration;
			buildSettings = {
				ALWAYS_SEARCH_USER_PATHS = NO;
				ASSETCATALOG_COMPILER_GENERATE_SWIFT_ASSET_SYMBOL_EXTENSIONS = YES;
				CLANG_ANALYZER_NONNULL = YES;
				CLANG_ANALYZER_NUMBER_OBJECT_CONVERSION = YES_AGGRESSIVE;
				CLANG_CXX_LANGUAGE_STANDARD = "gnu++20";
				CLANG_ENABLE_MODULES = YES;
				CLANG_ENABLE_OBJC_ARC = YES;
				CLANG_ENABLE_OBJC_WEAK = YES;
				CLANG_WARN_BLOCK_CAPTURE_AUTORELEASING = YES;
				CLANG_WARN_BOOL_CONVERSION = YES;
				CLANG_WARN_COMMA = YES;
				CLANG_WARN_CONSTANT_CONVERSION = YES;
				CLANG_WARN_DEPRECATED_OBJC_IMPLEMENTATIONS = YES;
				CLANG_WARN_DIRECT_OBJC_ISA_USAGE = YES_ERROR;
				CLANG_WARN_DOCUMENTATION_COMMENTS = YES;
				CLANG_WARN_EMPTY_BODY = YES;
				CLANG_WARN_ENUM_CONVERSION = YES;
				CLANG_WARN_INFINITE_RECURSION = YES;
				CLANG_WARN_INT_CONVERSION = YES;
				CLANG_WARN_NON_LITERAL_NULL_CONVERSION = YES;
				CLANG_WARN_OBJC_IMPLICIT_RETAIN_SELF = YES;
				CLANG_WARN_OBJC_LITERAL_CONVERSION = YES;
				CLANG_WARN_OBJC_ROOT_CLASS = YES_ERROR;
				CLANG_WARN_QUOTED_INCLUDE_IN_FRAMEWORK_HEADER = YES;
				CLANG_WARN_RANGE_LOOP_ANALYSIS = YES;
				CLANG_WARN_STRICT_PROTOTYPES = YES;
				CLANG_WARN_SUSPICIOUS_MOVE = YES;
				CLANG_WARN_UNGUARDED_AVAILABILITY = YES_AGGRESSIVE;
				CLANG_WARN_UNREACHABLE_CODE = YES;
				CLANG_WARN__DUPLICATE_METHOD_MATCH = YES;
				COPY_PHASE_STRIP = NO;
				DEBUG_INFORMATION_FORMAT = dwarf;
				ENABLE_STRICT_OBJC_MSGSEND = YES;
				ENABLE_TESTABILITY = YES;
				ENABLE_USER_SCRIPT_SANDBOXING = YES;
				GCC_C_LANGUAGE_STANDARD = gnu17;
				GCC_DYNAMIC_NO_PIC = NO;
				GCC_NO_COMMON_BLOCKS = YES;
				GCC_OPTIMIZATION_LEVEL = 0;
				GCC_PREPROCESSOR_DEFINITIONS = (
					"DEBUG=1",
					"$(inherited)",
				);
				GCC_WARN_64_TO_32_BIT_CONVERSION = YES;
				GCC_WARN_ABOUT_RETURN_TYPE = YES_ERROR;
				GCC_WARN_UNDECLARED_SELECTOR = YES;
				GCC_WARN_UNINITIALIZED_AUTOS = YES_AGGRESSIVE;
				GCC_WARN_UNUSED_FUNCTION = YES;
				GCC_WARN_UNUSED_VARIABLE = YES;
				IPHONEOS_DEPLOYMENT_TARGET = 17.0;
				LOCALIZATION_PREFERS_STRING_CATALOGS = YES;
				MTL_ENABLE_DEBUG_INFO = INCLUDE_SOURCE;
				MTL_FAST_MATH = YES;
				ONLY_ACTIVE_ARCH = YES;
				SDKROOT = iphoneos;
				SWIFT_ACTIVE_COMPILATION_CONDITIONS = "DEBUG $(inherited)";
				SWIFT_OPTIMIZATION_LEVEL = "-Onone";
			};
			name = Debug;
		};
		62A4C86C2C69FF6A006CB7EF /* Release */ = {
			isa = XCBuildConfiguration;
			buildSettings = {
				ALWAYS_SEARCH_USER_PATHS = NO;
				ASSETCATALOG_COMPILER_GENERATE_SWIFT_ASSET_SYMBOL_EXTENSIONS = YES;
				CLANG_ANALYZER_NONNULL = YES;
				CLANG_ANALYZER_NUMBER_OBJECT_CONVERSION = YES_AGGRESSIVE;
				CLANG_CXX_LANGUAGE_STANDARD = "gnu++20";
				CLANG_ENABLE_MODULES = YES;
				CLANG_ENABLE_OBJC_ARC = YES;
				CLANG_ENABLE_OBJC_WEAK = YES;
				CLANG_WARN_BLOCK_CAPTURE_AUTORELEASING = YES;
				CLANG_WARN_BOOL_CONVERSION = YES;
				CLANG_WARN_COMMA = YES;
				CLANG_WARN_CONSTANT_CONVERSION = YES;
				CLANG_WARN_DEPRECATED_OBJC_IMPLEMENTATIONS = YES;
				CLANG_WARN_DIRECT_OBJC_ISA_USAGE = YES_ERROR;
				CLANG_WARN_DOCUMENTATION_COMMENTS = YES;
				CLANG_WARN_EMPTY_BODY = YES;
				CLANG_WARN_ENUM_CONVERSION = YES;
				CLANG_WARN_INFINITE_RECURSION = YES;
				CLANG_WARN_INT_CONVERSION = YES;
				CLANG_WARN_NON_LITERAL_NULL_CONVERSION = YES;
				CLANG_WARN_OBJC_IMPLICIT_RETAIN_SELF = YES;
				CLANG_WARN_OBJC_LITERAL_CONVERSION = YES;
				CLANG_WARN_OBJC_ROOT_CLASS = YES_ERROR;
				CLANG_WARN_QUOTED_INCLUDE_IN_FRAMEWORK_HEADER = YES;
				CLANG_WARN_RANGE_LOOP_ANALYSIS = YES;
				CLANG_WARN_STRICT_PROTOTYPES = YES;
				CLANG_WARN_SUSPICIOUS_MOVE = YES;
				CLANG_WARN_UNGUARDED_AVAILABILITY = YES_AGGRESSIVE;
				CLANG_WARN_UNREACHABLE_CODE = YES;
				CLANG_WARN__DUPLICATE_METHOD_MATCH = YES;
				COPY_PHASE_STRIP = NO;
				DEBUG_INFORMATION_FORMAT = "dwarf-with-dsym";
				ENABLE_NS_ASSERTIONS = NO;
				ENABLE_STRICT_OBJC_MSGSEND = YES;
				ENABLE_USER_SCRIPT_SANDBOXING = YES;
				GCC_C_LANGUAGE_STANDARD = gnu17;
				GCC_NO_COMMON_BLOCKS = YES;
				GCC_WARN_64_TO_32_BIT_CONVERSION = YES;
				GCC_WARN_ABOUT_RETURN_TYPE = YES_ERROR;
				GCC_WARN_UNDECLARED_SELECTOR = YES;
				GCC_WARN_UNINITIALIZED_AUTOS = YES_AGGRESSIVE;
				GCC_WARN_UNUSED_FUNCTION = YES;
				GCC_WARN_UNUSED_VARIABLE = YES;
				IPHONEOS_DEPLOYMENT_TARGET = 17.0;
				LOCALIZATION_PREFERS_STRING_CATALOGS = YES;
				MTL_ENABLE_DEBUG_INFO = NO;
				MTL_FAST_MATH = YES;
				SDKROOT = iphoneos;
				SWIFT_COMPILATION_MODE = wholemodule;
				VALIDATE_PRODUCT = YES;
			};
			name = Release;
		};
		62A4C86E2C69FF6A006CB7EF /* Debug */ = {
			isa = XCBuildConfiguration;
			buildSettings = {
				ALWAYS_EMBED_SWIFT_STANDARD_LIBRARIES = YES;
				ASSETCATALOG_COMPILER_APPICON_NAME = AppIcon;
				ASSETCATALOG_COMPILER_GLOBAL_ACCENT_COLOR_NAME = AccentColor;
				CODE_SIGN_ENTITLEMENTS = SwiftCal/SwiftCal.entitlements;
				CODE_SIGN_STYLE = Automatic;
				CURRENT_PROJECT_VERSION = 1;
				DEVELOPMENT_ASSET_PATHS = "\"SwiftCal/Preview Content\"";
				DEVELOPMENT_TEAM = 3P7CETXY8N;
				ENABLE_PREVIEWS = YES;
				GENERATE_INFOPLIST_FILE = YES;
				INFOPLIST_KEY_UIApplicationSceneManifest_Generation = YES;
				INFOPLIST_KEY_UIApplicationSupportsIndirectInputEvents = YES;
				INFOPLIST_KEY_UILaunchScreen_Generation = YES;
				INFOPLIST_KEY_UISupportedInterfaceOrientations_iPad = "UIInterfaceOrientationPortrait UIInterfaceOrientationPortraitUpsideDown UIInterfaceOrientationLandscapeLeft UIInterfaceOrientationLandscapeRight";
				INFOPLIST_KEY_UISupportedInterfaceOrientations_iPhone = "UIInterfaceOrientationPortrait UIInterfaceOrientationLandscapeLeft UIInterfaceOrientationLandscapeRight";
				IPHONEOS_DEPLOYMENT_TARGET = 17.0;
				LD_RUNPATH_SEARCH_PATHS = (
					"$(inherited)",
					"@executable_path/Frameworks",
				);
				MARKETING_VERSION = 1.0;
				PRODUCT_BUNDLE_IDENTIFIER = "dambrisi-corp.SwiftCal";
				PRODUCT_NAME = "$(TARGET_NAME)";
				SWIFT_EMIT_LOC_STRINGS = YES;
				SWIFT_VERSION = 5.0;
				TARGETED_DEVICE_FAMILY = "1,2";
			};
			name = Debug;
		};
		62A4C86F2C69FF6A006CB7EF /* Release */ = {
			isa = XCBuildConfiguration;
			buildSettings = {
				ALWAYS_EMBED_SWIFT_STANDARD_LIBRARIES = YES;
				ASSETCATALOG_COMPILER_APPICON_NAME = AppIcon;
				ASSETCATALOG_COMPILER_GLOBAL_ACCENT_COLOR_NAME = AccentColor;
				CODE_SIGN_ENTITLEMENTS = SwiftCal/SwiftCal.entitlements;
				CODE_SIGN_STYLE = Automatic;
				CURRENT_PROJECT_VERSION = 1;
				DEVELOPMENT_ASSET_PATHS = "\"SwiftCal/Preview Content\"";
				DEVELOPMENT_TEAM = 3P7CETXY8N;
				ENABLE_PREVIEWS = YES;
				GENERATE_INFOPLIST_FILE = YES;
				INFOPLIST_KEY_UIApplicationSceneManifest_Generation = YES;
				INFOPLIST_KEY_UIApplicationSupportsIndirectInputEvents = YES;
				INFOPLIST_KEY_UILaunchScreen_Generation = YES;
				INFOPLIST_KEY_UISupportedInterfaceOrientations_iPad = "UIInterfaceOrientationPortrait UIInterfaceOrientationPortraitUpsideDown UIInterfaceOrientationLandscapeLeft UIInterfaceOrientationLandscapeRight";
				INFOPLIST_KEY_UISupportedInterfaceOrientations_iPhone = "UIInterfaceOrientationPortrait UIInterfaceOrientationLandscapeLeft UIInterfaceOrientationLandscapeRight";
				IPHONEOS_DEPLOYMENT_TARGET = 17.0;
				LD_RUNPATH_SEARCH_PATHS = (
					"$(inherited)",
					"@executable_path/Frameworks",
				);
				MARKETING_VERSION = 1.0;
				PRODUCT_BUNDLE_IDENTIFIER = "dambrisi-corp.SwiftCal";
				PRODUCT_NAME = "$(TARGET_NAME)";
				SWIFT_EMIT_LOC_STRINGS = YES;
				SWIFT_VERSION = 5.0;
				TARGETED_DEVICE_FAMILY = "1,2";
			};
			name = Release;
		};
		62A4C88B2C6A228E006CB7EF /* Debug */ = {
			isa = XCBuildConfiguration;
			buildSettings = {
				ASSETCATALOG_COMPILER_GLOBAL_ACCENT_COLOR_NAME = AccentColor;
				ASSETCATALOG_COMPILER_WIDGET_BACKGROUND_COLOR_NAME = WidgetBackground;
				CODE_SIGN_ENTITLEMENTS = SwiftCalWidgetExtension.entitlements;
				CODE_SIGN_STYLE = Automatic;
				CURRENT_PROJECT_VERSION = 1;
				DEVELOPMENT_TEAM = 3P7CETXY8N;
				GENERATE_INFOPLIST_FILE = YES;
				INFOPLIST_FILE = SwiftCalWidget/Info.plist;
				INFOPLIST_KEY_CFBundleDisplayName = SwiftCalWidget;
				INFOPLIST_KEY_NSHumanReadableCopyright = "";
				IPHONEOS_DEPLOYMENT_TARGET = 17.0;
				LD_RUNPATH_SEARCH_PATHS = (
					"$(inherited)",
					"@executable_path/Frameworks",
					"@executable_path/../../Frameworks",
				);
				MARKETING_VERSION = 1.0;
				PRODUCT_BUNDLE_IDENTIFIER = "dambrisi-corp.SwiftCal.SwiftCalWidget";
				PRODUCT_NAME = "$(TARGET_NAME)";
				SKIP_INSTALL = YES;
				SWIFT_EMIT_LOC_STRINGS = YES;
				SWIFT_VERSION = 5.0;
				TARGETED_DEVICE_FAMILY = "1,2";
			};
			name = Debug;
		};
		62A4C88C2C6A228E006CB7EF /* Release */ = {
			isa = XCBuildConfiguration;
			buildSettings = {
				ASSETCATALOG_COMPILER_GLOBAL_ACCENT_COLOR_NAME = AccentColor;
				ASSETCATALOG_COMPILER_WIDGET_BACKGROUND_COLOR_NAME = WidgetBackground;
				CODE_SIGN_ENTITLEMENTS = SwiftCalWidgetExtension.entitlements;
				CODE_SIGN_STYLE = Automatic;
				CURRENT_PROJECT_VERSION = 1;
				DEVELOPMENT_TEAM = 3P7CETXY8N;
				GENERATE_INFOPLIST_FILE = YES;
				INFOPLIST_FILE = SwiftCalWidget/Info.plist;
				INFOPLIST_KEY_CFBundleDisplayName = SwiftCalWidget;
				INFOPLIST_KEY_NSHumanReadableCopyright = "";
				IPHONEOS_DEPLOYMENT_TARGET = 17.0;
				LD_RUNPATH_SEARCH_PATHS = (
					"$(inherited)",
					"@executable_path/Frameworks",
					"@executable_path/../../Frameworks",
				);
				MARKETING_VERSION = 1.0;
				PRODUCT_BUNDLE_IDENTIFIER = "dambrisi-corp.SwiftCal.SwiftCalWidget";
				PRODUCT_NAME = "$(TARGET_NAME)";
				SKIP_INSTALL = YES;
				SWIFT_EMIT_LOC_STRINGS = YES;
				SWIFT_VERSION = 5.0;
				TARGETED_DEVICE_FAMILY = "1,2";
			};
			name = Release;
		};
/* End XCBuildConfiguration section */

/* Begin XCConfigurationList section */
		62A4C8552C69FF68006CB7EF /* Build configuration list for PBXProject "SwiftCal" */ = {
			isa = XCConfigurationList;
			buildConfigurations = (
				62A4C86B2C69FF6A006CB7EF /* Debug */,
				62A4C86C2C69FF6A006CB7EF /* Release */,
			);
			defaultConfigurationIsVisible = 0;
			defaultConfigurationName = Release;
		};
		62A4C86D2C69FF6A006CB7EF /* Build configuration list for PBXNativeTarget "SwiftCal" */ = {
			isa = XCConfigurationList;
			buildConfigurations = (
				62A4C86E2C69FF6A006CB7EF /* Debug */,
				62A4C86F2C69FF6A006CB7EF /* Release */,
			);
			defaultConfigurationIsVisible = 0;
			defaultConfigurationName = Release;
		};
		62A4C88D2C6A228E006CB7EF /* Build configuration list for PBXNativeTarget "SwiftCalWidgetExtension" */ = {
			isa = XCConfigurationList;
			buildConfigurations = (
				62A4C88B2C6A228E006CB7EF /* Debug */,
				62A4C88C2C6A228E006CB7EF /* Release */,
			);
			defaultConfigurationIsVisible = 0;
			defaultConfigurationName = Release;
		};
/* End XCConfigurationList section */
	};
	rootObject = 62A4C8522C69FF68006CB7EF /* Project object */;
}
